// !$*UTF8*$!
{
	archiveVersion = 1;
	classes = {
	};
	objectVersion = 46;
	objects = {

/* Begin PBXBuildFile section */
		DC0F2E141592F26200F9D4FA /* RegexKitLite.h in Headers */ = {isa = PBXBuildFile; fileRef = DC0F2E121592F26200F9D4FA /* RegexKitLite.h */; settings = {ATTRIBUTES = (Public, ); }; };
		DC0F2E151592F26200F9D4FA /* RegexKitLite.m in Sources */ = {isa = PBXBuildFile; fileRef = DC0F2E131592F26200F9D4FA /* RegexKitLite.m */; settings = {COMPILER_FLAGS = "-fno-objc-arc"; }; };
		DC3C1584158B921800B31A79 /* InfoPlist.strings in Resources */ = {isa = PBXBuildFile; fileRef = DC3C1582158B921800B31A79 /* InfoPlist.strings */; };
		DC3C15D9158B936600B31A79 /* ContactBean.h in Headers */ = {isa = PBXBuildFile; fileRef = DC3C1592158B936600B31A79 /* ContactBean.h */; settings = {ATTRIBUTES = (Public, ); }; };
		DC3C15DA158B936600B31A79 /* ContactBean.m in Sources */ = {isa = PBXBuildFile; fileRef = DC3C1593158B936600B31A79 /* ContactBean.m */; };
		DC3C15DB158B936600B31A79 /* ContactBean_Extension.h in Headers */ = {isa = PBXBuildFile; fileRef = DC3C1594158B936600B31A79 /* ContactBean_Extension.h */; settings = {ATTRIBUTES = (Public, ); }; };
		DC3C15DC158B936600B31A79 /* UserBean.h in Headers */ = {isa = PBXBuildFile; fileRef = DC3C1595158B936600B31A79 /* UserBean.h */; settings = {ATTRIBUTES = (Public, ); }; };
		DC3C15DD158B936600B31A79 /* UserBean.m in Sources */ = {isa = PBXBuildFile; fileRef = DC3C1596158B936600B31A79 /* UserBean.m */; };
		DC3C15DE158B936600B31A79 /* UserBean_Extension.h in Headers */ = {isa = PBXBuildFile; fileRef = DC3C1597158B936600B31A79 /* UserBean_Extension.h */; settings = {ATTRIBUTES = (Public, ); }; };
		DC3C15DF158B936600B31A79 /* UserManager.h in Headers */ = {isa = PBXBuildFile; fileRef = DC3C1598158B936600B31A79 /* UserManager.h */; settings = {ATTRIBUTES = (Public, ); }; };
		DC3C15E0158B936600B31A79 /* UserManager.m in Sources */ = {isa = PBXBuildFile; fileRef = DC3C1599158B936600B31A79 /* UserManager.m */; };
		DC3C15E1158B936600B31A79 /* ASIAuthenticationDialog.h in Headers */ = {isa = PBXBuildFile; fileRef = DC3C159C158B936600B31A79 /* ASIAuthenticationDialog.h */; settings = {ATTRIBUTES = (Public, ); }; };
		DC3C15E2158B936600B31A79 /* ASIAuthenticationDialog.m in Sources */ = {isa = PBXBuildFile; fileRef = DC3C159D158B936600B31A79 /* ASIAuthenticationDialog.m */; settings = {COMPILER_FLAGS = "-fno-objc-arc"; }; };
		DC3C15E3158B936600B31A79 /* ASICacheDelegate.h in Headers */ = {isa = PBXBuildFile; fileRef = DC3C159E158B936600B31A79 /* ASICacheDelegate.h */; settings = {ATTRIBUTES = (Public, ); }; };
		DC3C15E4158B936600B31A79 /* ASIDataCompressor.h in Headers */ = {isa = PBXBuildFile; fileRef = DC3C159F158B936600B31A79 /* ASIDataCompressor.h */; settings = {ATTRIBUTES = (Public, ); }; };
		DC3C15E5158B936600B31A79 /* ASIDataCompressor.m in Sources */ = {isa = PBXBuildFile; fileRef = DC3C15A0158B936600B31A79 /* ASIDataCompressor.m */; settings = {COMPILER_FLAGS = "-fno-objc-arc"; }; };
		DC3C15E6158B936600B31A79 /* ASIDataDecompressor.h in Headers */ = {isa = PBXBuildFile; fileRef = DC3C15A1158B936600B31A79 /* ASIDataDecompressor.h */; settings = {ATTRIBUTES = (Public, ); }; };
		DC3C15E7158B936600B31A79 /* ASIDataDecompressor.m in Sources */ = {isa = PBXBuildFile; fileRef = DC3C15A2158B936600B31A79 /* ASIDataDecompressor.m */; settings = {COMPILER_FLAGS = "-fno-objc-arc"; }; };
		DC3C15E8158B936600B31A79 /* ASIDownloadCache.h in Headers */ = {isa = PBXBuildFile; fileRef = DC3C15A3158B936600B31A79 /* ASIDownloadCache.h */; settings = {ATTRIBUTES = (Public, ); }; };
		DC3C15E9158B936600B31A79 /* ASIDownloadCache.m in Sources */ = {isa = PBXBuildFile; fileRef = DC3C15A4158B936600B31A79 /* ASIDownloadCache.m */; settings = {COMPILER_FLAGS = "-fno-objc-arc"; }; };
		DC3C15EA158B936600B31A79 /* ASIFormDataRequest.h in Headers */ = {isa = PBXBuildFile; fileRef = DC3C15A5158B936600B31A79 /* ASIFormDataRequest.h */; settings = {ATTRIBUTES = (Public, ); }; };
		DC3C15EB158B936600B31A79 /* ASIFormDataRequest.m in Sources */ = {isa = PBXBuildFile; fileRef = DC3C15A6158B936600B31A79 /* ASIFormDataRequest.m */; settings = {COMPILER_FLAGS = "-fno-objc-arc"; }; };
		DC3C15EC158B936600B31A79 /* ASIHTTPRequest.h in Headers */ = {isa = PBXBuildFile; fileRef = DC3C15A7158B936600B31A79 /* ASIHTTPRequest.h */; settings = {ATTRIBUTES = (Public, ); }; };
		DC3C15ED158B936600B31A79 /* ASIHTTPRequest.m in Sources */ = {isa = PBXBuildFile; fileRef = DC3C15A8158B936600B31A79 /* ASIHTTPRequest.m */; settings = {COMPILER_FLAGS = "-fno-objc-arc"; }; };
		DC3C15EE158B936600B31A79 /* ASIHTTPRequestConfig.h in Headers */ = {isa = PBXBuildFile; fileRef = DC3C15A9158B936600B31A79 /* ASIHTTPRequestConfig.h */; settings = {ATTRIBUTES = (Public, ); }; };
		DC3C15EF158B936600B31A79 /* ASIHTTPRequestDelegate.h in Headers */ = {isa = PBXBuildFile; fileRef = DC3C15AA158B936600B31A79 /* ASIHTTPRequestDelegate.h */; settings = {ATTRIBUTES = (Public, ); }; };
		DC3C15F0158B936600B31A79 /* ASIInputStream.h in Headers */ = {isa = PBXBuildFile; fileRef = DC3C15AB158B936600B31A79 /* ASIInputStream.h */; settings = {ATTRIBUTES = (Public, ); }; };
		DC3C15F1158B936600B31A79 /* ASIInputStream.m in Sources */ = {isa = PBXBuildFile; fileRef = DC3C15AC158B936600B31A79 /* ASIInputStream.m */; settings = {COMPILER_FLAGS = "-fno-objc-arc"; }; };
		DC3C15F2158B936600B31A79 /* ASINetworkQueue.h in Headers */ = {isa = PBXBuildFile; fileRef = DC3C15AD158B936600B31A79 /* ASINetworkQueue.h */; settings = {ATTRIBUTES = (Public, ); }; };
		DC3C15F3158B936600B31A79 /* ASINetworkQueue.m in Sources */ = {isa = PBXBuildFile; fileRef = DC3C15AE158B936600B31A79 /* ASINetworkQueue.m */; settings = {COMPILER_FLAGS = "-fno-objc-arc"; }; };
		DC3C15F4158B936600B31A79 /* ASIProgressDelegate.h in Headers */ = {isa = PBXBuildFile; fileRef = DC3C15AF158B936600B31A79 /* ASIProgressDelegate.h */; settings = {ATTRIBUTES = (Public, ); }; };
		DC3C15F5158B936600B31A79 /* Reachability.h in Headers */ = {isa = PBXBuildFile; fileRef = DC3C15B1158B936600B31A79 /* Reachability.h */; settings = {ATTRIBUTES = (Public, ); }; };
		DC3C15F6158B936600B31A79 /* Reachability.m in Sources */ = {isa = PBXBuildFile; fileRef = DC3C15B2158B936600B31A79 /* Reachability.m */; settings = {COMPILER_FLAGS = "-fno-objc-arc"; }; };
		DC3C15F7158B936600B31A79 /* NSArray+Extension.h in Headers */ = {isa = PBXBuildFile; fileRef = DC3C15B4158B936600B31A79 /* NSArray+Extension.h */; settings = {ATTRIBUTES = (Public, ); }; };
		DC3C15F8158B936600B31A79 /* NSArray+Extension.m in Sources */ = {isa = PBXBuildFile; fileRef = DC3C15B5158B936600B31A79 /* NSArray+Extension.m */; };
		DC3C15F9158B936600B31A79 /* NSIndexPath+Extension.h in Headers */ = {isa = PBXBuildFile; fileRef = DC3C15B6158B936600B31A79 /* NSIndexPath+Extension.h */; settings = {ATTRIBUTES = (Public, ); }; };
		DC3C15FA158B936600B31A79 /* NSIndexPath+Extension.m in Sources */ = {isa = PBXBuildFile; fileRef = DC3C15B7158B936600B31A79 /* NSIndexPath+Extension.m */; };
		DC3C15FB158B936600B31A79 /* NSString+Extension.h in Headers */ = {isa = PBXBuildFile; fileRef = DC3C15B8158B936600B31A79 /* NSString+Extension.h */; settings = {ATTRIBUTES = (Public, ); }; };
		DC3C15FC158B936600B31A79 /* NSString+Extension.m in Sources */ = {isa = PBXBuildFile; fileRef = DC3C15B9158B936600B31A79 /* NSString+Extension.m */; };
		DC3C15FF158B936600B31A79 /* AppRootViewController.h in Headers */ = {isa = PBXBuildFile; fileRef = DC3C15BF158B936600B31A79 /* AppRootViewController.h */; settings = {ATTRIBUTES = (Public, ); }; };
		DC3C1600158B936600B31A79 /* AppRootViewController.m in Sources */ = {isa = PBXBuildFile; fileRef = DC3C15C0158B936600B31A79 /* AppRootViewController.m */; };
		DC3C1601158B936600B31A79 /* UIView+UI+ViewController.h in Headers */ = {isa = PBXBuildFile; fileRef = DC3C15C1158B936600B31A79 /* UIView+UI+ViewController.h */; settings = {ATTRIBUTES = (Public, ); }; };
		DC3C1602158B936600B31A79 /* UIView+UI+ViewController.m in Sources */ = {isa = PBXBuildFile; fileRef = DC3C15C2158B936600B31A79 /* UIView+UI+ViewController.m */; };
		DC3C1603158B936600B31A79 /* UIViewController+CompatibleView.h in Headers */ = {isa = PBXBuildFile; fileRef = DC3C15C3158B936600B31A79 /* UIViewController+CompatibleView.h */; settings = {ATTRIBUTES = (Public, ); }; };
		DC3C1604158B936600B31A79 /* UIViewController+CompatibleView.m in Sources */ = {isa = PBXBuildFile; fileRef = DC3C15C4158B936600B31A79 /* UIViewController+CompatibleView.m */; };
		DC3C1606158B936600B31A79 /* UIViewExtensionBean.m in Sources */ = {isa = PBXBuildFile; fileRef = DC3C15C6158B936600B31A79 /* UIViewExtensionBean.m */; };
		DC3C1609158B936600B31A79 /* UIViewExtensionManager.m in Sources */ = {isa = PBXBuildFile; fileRef = DC3C15C9158B936600B31A79 /* UIViewExtensionManager.m */; };
		DC3C160A158B936600B31A79 /* UIActionSheet+Extension.h in Headers */ = {isa = PBXBuildFile; fileRef = DC3C15CC158B936600B31A79 /* UIActionSheet+Extension.h */; settings = {ATTRIBUTES = (Public, ); }; };
		DC3C160B158B936600B31A79 /* UIActionSheet+Extension.m in Sources */ = {isa = PBXBuildFile; fileRef = DC3C15CD158B936600B31A79 /* UIActionSheet+Extension.m */; };
		DC3C160C158B936600B31A79 /* UITableView+Extension.h in Headers */ = {isa = PBXBuildFile; fileRef = DC3C15CE158B936600B31A79 /* UITableView+Extension.h */; settings = {ATTRIBUTES = (Public, ); }; };
		DC3C160D158B936600B31A79 /* UITableView+Extension.m in Sources */ = {isa = PBXBuildFile; fileRef = DC3C15CF158B936600B31A79 /* UITableView+Extension.m */; };
		DC3C160E158B936600B31A79 /* AddressBookManager.h in Headers */ = {isa = PBXBuildFile; fileRef = DC3C15D1158B936600B31A79 /* AddressBookManager.h */; settings = {ATTRIBUTES = (Public, ); }; };
		DC3C160F158B936600B31A79 /* AddressBookManager.m in Sources */ = {isa = PBXBuildFile; fileRef = DC3C15D2158B936600B31A79 /* AddressBookManager.m */; };
		DC3C1610158B936600B31A79 /* CommonUtils.h in Headers */ = {isa = PBXBuildFile; fileRef = DC3C15D3158B936600B31A79 /* CommonUtils.h */; settings = {ATTRIBUTES = (Public, ); }; };
		DC3C1611158B936600B31A79 /* CommonUtils.m in Sources */ = {isa = PBXBuildFile; fileRef = DC3C15D4158B936600B31A79 /* CommonUtils.m */; };
		DC3C1618158B941000B31A79 /* UIColor+Extension.h in Headers */ = {isa = PBXBuildFile; fileRef = DC3C1616158B941000B31A79 /* UIColor+Extension.h */; settings = {ATTRIBUTES = (Public, ); }; };
		DC3C1619158B941000B31A79 /* UIColor+Extension.m in Sources */ = {isa = PBXBuildFile; fileRef = DC3C1617158B941000B31A79 /* UIColor+Extension.m */; };
		DC3C161D158B95F500B31A79 /* iToast.h in Headers */ = {isa = PBXBuildFile; fileRef = DC3C161B158B95F500B31A79 /* iToast.h */; settings = {ATTRIBUTES = (Public, ); }; };
		DC3C161E158B95F500B31A79 /* iToast.m in Sources */ = {isa = PBXBuildFile; fileRef = DC3C161C158B95F500B31A79 /* iToast.m */; settings = {COMPILER_FLAGS = "-fno-objc-arc"; }; };
		DC3C1622158B972D00B31A79 /* HttpRequestBean.m in Sources */ = {isa = PBXBuildFile; fileRef = DC3C1620158B972D00B31A79 /* HttpRequestBean.m */; };
		DC3C1626158B975200B31A79 /* HttpRequestManager.m in Sources */ = {isa = PBXBuildFile; fileRef = DC3C1624158B975200B31A79 /* HttpRequestManager.m */; };
		DCBBB288158A277C007C2301 /* CommonToolkit.h in Headers */ = {isa = PBXBuildFile; fileRef = DCBBB287158A26B1007C2301 /* CommonToolkit.h */; settings = {ATTRIBUTES = (Public, ); }; };
		DCBC76811597FF6000EBEC1D /* UISoftKeyboard.h in Headers */ = {isa = PBXBuildFile; fileRef = DCBC767F1597FF6000EBEC1D /* UISoftKeyboard.h */; settings = {ATTRIBUTES = (Public, ); }; };
		DCBC76821597FF6000EBEC1D /* UISoftKeyboard.m in Sources */ = {isa = PBXBuildFile; fileRef = DCBC76801597FF6000EBEC1D /* UISoftKeyboard.m */; };
		DCBC768715980ACB00EBEC1D /* FoundationExtensionBean.m in Sources */ = {isa = PBXBuildFile; fileRef = DCBC768515980ACB00EBEC1D /* FoundationExtensionBean.m */; };
		DCBC768B15980BBF00EBEC1D /* FoundationExtensionManager.m in Sources */ = {isa = PBXBuildFile; fileRef = DCBC768915980BBF00EBEC1D /* FoundationExtensionManager.m */; };
		DCBC7692159836EF00EBEC1D /* UISoftKeyboardCell.h in Headers */ = {isa = PBXBuildFile; fileRef = DCBC7690159836EF00EBEC1D /* UISoftKeyboardCell.h */; settings = {ATTRIBUTES = (Public, ); }; };
		DCBC7693159836EF00EBEC1D /* UISoftKeyboardCell.m in Sources */ = {isa = PBXBuildFile; fileRef = DCBC7691159836EF00EBEC1D /* UISoftKeyboardCell.m */; };
		DCD6AE9F158ED86C00CBBBDB /* NSBundle+Extension.h in Headers */ = {isa = PBXBuildFile; fileRef = DCD6AE9D158ED86C00CBBBDB /* NSBundle+Extension.h */; settings = {ATTRIBUTES = (Public, ); }; };
		DCD6AEA0158ED86C00CBBBDB /* NSBundle+Extension.m in Sources */ = {isa = PBXBuildFile; fileRef = DCD6AE9E158ED86C00CBBBDB /* NSBundle+Extension.m */; };
		DCD6AF10158EFB6A00CBBBDB /* NSDate+Extension.h in Headers */ = {isa = PBXBuildFile; fileRef = DCD6AF0E158EFB6A00CBBBDB /* NSDate+Extension.h */; settings = {ATTRIBUTES = (Public, ); }; };
		DCD6AF11158EFB6A00CBBBDB /* NSDate+Extension.m in Sources */ = {isa = PBXBuildFile; fileRef = DCD6AF0F158EFB6A00CBBBDB /* NSDate+Extension.m */; };
		F800184F15B66BFB00745A8F /* NSAttributedString+Extension.h in Headers */ = {isa = PBXBuildFile; fileRef = F800184D15B66BFB00745A8F /* NSAttributedString+Extension.h */; settings = {ATTRIBUTES = (Public, ); }; };
		F800185015B66BFB00745A8F /* NSAttributedString+Extension.m in Sources */ = {isa = PBXBuildFile; fileRef = F800184E15B66BFB00745A8F /* NSAttributedString+Extension.m */; };
		F800185415B66C1F00745A8F /* UIAttributedLabel.h in Headers */ = {isa = PBXBuildFile; fileRef = F800185215B66C1F00745A8F /* UIAttributedLabel.h */; settings = {ATTRIBUTES = (Public, ); }; };
		F800185515B66C1F00745A8F /* UIAttributedLabel.m in Sources */ = {isa = PBXBuildFile; fileRef = F800185315B66C1F00745A8F /* UIAttributedLabel.m */; };
		F87686BE15DE333A00DDDA23 /* RIButtonItem.h in Headers */ = {isa = PBXBuildFile; fileRef = F87686BA15DE333A00DDDA23 /* RIButtonItem.h */; settings = {ATTRIBUTES = (Public, ); }; };
		F87686BF15DE333A00DDDA23 /* RIButtonItem.m in Sources */ = {isa = PBXBuildFile; fileRef = F87686BB15DE333A00DDDA23 /* RIButtonItem.m */; };
		F87686C015DE333A00DDDA23 /* UIAlertView+Blocks.h in Headers */ = {isa = PBXBuildFile; fileRef = F87686BC15DE333A00DDDA23 /* UIAlertView+Blocks.h */; settings = {ATTRIBUTES = (Public, ); }; };
		F87686C115DE333A00DDDA23 /* UIAlertView+Blocks.m in Sources */ = {isa = PBXBuildFile; fileRef = F87686BD15DE333A00DDDA23 /* UIAlertView+Blocks.m */; };
		F885A58E159AAE5200709FC7 /* AVCamUtilities.h in Headers */ = {isa = PBXBuildFile; fileRef = F885A58C159AAE5200709FC7 /* AVCamUtilities.h */; settings = {ATTRIBUTES = (Public, ); }; };
		F885A58F159AAE5200709FC7 /* AVCamUtilities.m in Sources */ = {isa = PBXBuildFile; fileRef = F885A58D159AAE5200709FC7 /* AVCamUtilities.m */; };
		F8B5F46B15AAD086005A8C09 /* NSNumber+Extension.h in Headers */ = {isa = PBXBuildFile; fileRef = F8B5F46915AAD086005A8C09 /* NSNumber+Extension.h */; settings = {ATTRIBUTES = (Public, ); }; };
		F8B5F46C15AAD086005A8C09 /* NSNumber+Extension.m in Sources */ = {isa = PBXBuildFile; fileRef = F8B5F46A15AAD086005A8C09 /* NSNumber+Extension.m */; };
		F8D791BC1599630300986BCD /* AsyncSocket.h in Headers */ = {isa = PBXBuildFile; fileRef = F8D791B41599630300986BCD /* AsyncSocket.h */; settings = {ATTRIBUTES = (Public, ); }; };
		F8D791BD1599630300986BCD /* AsyncSocket.m in Sources */ = {isa = PBXBuildFile; fileRef = F8D791B51599630300986BCD /* AsyncSocket.m */; settings = {COMPILER_FLAGS = "-fno-objc-arc"; }; };
		F8D791C01599630300986BCD /* SocketIO.h in Headers */ = {isa = PBXBuildFile; fileRef = F8D791B81599630300986BCD /* SocketIO.h */; settings = {ATTRIBUTES = (Public, ); }; };
		F8D791C11599630300986BCD /* SocketIO.m in Sources */ = {isa = PBXBuildFile; fileRef = F8D791B91599630300986BCD /* SocketIO.m */; settings = {COMPILER_FLAGS = "-fno-objc-arc"; }; };
		F8D791C21599630300986BCD /* WebSocket.h in Headers */ = {isa = PBXBuildFile; fileRef = F8D791BA1599630300986BCD /* WebSocket.h */; settings = {ATTRIBUTES = (Public, ); }; };
		F8D791C31599630300986BCD /* WebSocket.m in Sources */ = {isa = PBXBuildFile; fileRef = F8D791BB1599630300986BCD /* WebSocket.m */; settings = {COMPILER_FLAGS = "-fno-objc-arc"; }; };
		F8D81C8F15DCE2E700E1F17C /* UIDevice+Extension.h in Headers */ = {isa = PBXBuildFile; fileRef = F8D81C8D15DCE2E700E1F17C /* UIDevice+Extension.h */; settings = {ATTRIBUTES = (Public, ); }; };
		F8D81C9015DCE2E700E1F17C /* UIDevice+Extension.m in Sources */ = {isa = PBXBuildFile; fileRef = F8D81C8E15DCE2E700E1F17C /* UIDevice+Extension.m */; };
		F8DB4A0717782CA600129A88 /* AddressBookUIUtils.h in Headers */ = {isa = PBXBuildFile; fileRef = F8DB49F717782CA500129A88 /* AddressBookUIUtils.h */; settings = {ATTRIBUTES = (Public, ); }; };
		F8DB4A0817782CA600129A88 /* AddressBookUIUtils.m in Sources */ = {isa = PBXBuildFile; fileRef = F8DB49F817782CA500129A88 /* AddressBookUIUtils.m */; };
		F8DB4A0917782CA600129A88 /* AudioServicesUtils.h in Headers */ = {isa = PBXBuildFile; fileRef = F8DB49F917782CA500129A88 /* AudioServicesUtils.h */; settings = {ATTRIBUTES = (Public, ); }; };
		F8DB4A0A17782CA600129A88 /* AudioServicesUtils.m in Sources */ = {isa = PBXBuildFile; fileRef = F8DB49FA17782CA500129A88 /* AudioServicesUtils.m */; };
		F8DB4A0B17782CA600129A88 /* DataStorageUtils.h in Headers */ = {isa = PBXBuildFile; fileRef = F8DB49FB17782CA500129A88 /* DataStorageUtils.h */; settings = {ATTRIBUTES = (Public, ); }; };
		F8DB4A0C17782CA600129A88 /* DataStorageUtils.m in Sources */ = {isa = PBXBuildFile; fileRef = F8DB49FC17782CA500129A88 /* DataStorageUtils.m */; };
		F8DB4A0D17782CA600129A88 /* DeviceUtils.h in Headers */ = {isa = PBXBuildFile; fileRef = F8DB49FD17782CA500129A88 /* DeviceUtils.h */; settings = {ATTRIBUTES = (Public, ); }; };
		F8DB4A0E17782CA600129A88 /* DeviceUtils.m in Sources */ = {isa = PBXBuildFile; fileRef = F8DB49FE17782CA500129A88 /* DeviceUtils.m */; };
		F8DB4A0F17782CA600129A88 /* DisplayScreenUtils.h in Headers */ = {isa = PBXBuildFile; fileRef = F8DB49FF17782CA500129A88 /* DisplayScreenUtils.h */; settings = {ATTRIBUTES = (Public, ); }; };
		F8DB4A1017782CA600129A88 /* DisplayScreenUtils.m in Sources */ = {isa = PBXBuildFile; fileRef = F8DB4A0017782CA500129A88 /* DisplayScreenUtils.m */; };
		F8DB4A1117782CA600129A88 /* HttpUtils.h in Headers */ = {isa = PBXBuildFile; fileRef = F8DB4A0117782CA500129A88 /* HttpUtils.h */; settings = {ATTRIBUTES = (Public, ); }; };
		F8DB4A1217782CA600129A88 /* HttpUtils.m in Sources */ = {isa = PBXBuildFile; fileRef = F8DB4A0217782CA600129A88 /* HttpUtils.m */; };
		F8DB4A1317782CA600129A88 /* HttpUtils+Signature.h in Headers */ = {isa = PBXBuildFile; fileRef = F8DB4A0317782CA600129A88 /* HttpUtils+Signature.h */; settings = {ATTRIBUTES = (Public, ); }; };
		F8DB4A1417782CA600129A88 /* HttpUtils+Signature.m in Sources */ = {isa = PBXBuildFile; fileRef = F8DB4A0417782CA600129A88 /* HttpUtils+Signature.m */; };
		F8DB4A1517782CA600129A88 /* PinyinUtils.h in Headers */ = {isa = PBXBuildFile; fileRef = F8DB4A0517782CA600129A88 /* PinyinUtils.h */; settings = {ATTRIBUTES = (Public, ); }; };
		F8DB4A1617782CA600129A88 /* PinyinUtils.m in Sources */ = {isa = PBXBuildFile; fileRef = F8DB4A0617782CA600129A88 /* PinyinUtils.m */; };
		F8DB4A1D17782CBF00129A88 /* NSMutableString+Extension.h in Headers */ = {isa = PBXBuildFile; fileRef = F8DB4A1717782CBF00129A88 /* NSMutableString+Extension.h */; settings = {ATTRIBUTES = (Public, ); }; };
		F8DB4A1E17782CBF00129A88 /* NSMutableString+Extension.m in Sources */ = {isa = PBXBuildFile; fileRef = F8DB4A1817782CBF00129A88 /* NSMutableString+Extension.m */; };
		F8DB4A1F17782CBF00129A88 /* NSStack.h in Headers */ = {isa = PBXBuildFile; fileRef = F8DB4A1917782CBF00129A88 /* NSStack.h */; settings = {ATTRIBUTES = (Public, ); }; };
		F8DB4A2017782CBF00129A88 /* NSStack.m in Sources */ = {isa = PBXBuildFile; fileRef = F8DB4A1A17782CBF00129A88 /* NSStack.m */; };
		F8DB4A2117782CBF00129A88 /* NSValue+Extension.h in Headers */ = {isa = PBXBuildFile; fileRef = F8DB4A1B17782CBF00129A88 /* NSValue+Extension.h */; settings = {ATTRIBUTES = (Public, ); }; };
		F8DB4A2217782CBF00129A88 /* NSValue+Extension.m in Sources */ = {isa = PBXBuildFile; fileRef = F8DB4A1C17782CBF00129A88 /* NSValue+Extension.m */; };
		F8DB4A2917782CD600129A88 /* UIBarButtonItem+Extension.h in Headers */ = {isa = PBXBuildFile; fileRef = F8DB4A2317782CD600129A88 /* UIBarButtonItem+Extension.h */; settings = {ATTRIBUTES = (Public, ); }; };
		F8DB4A2A17782CD600129A88 /* UIBarButtonItem+Extension.m in Sources */ = {isa = PBXBuildFile; fileRef = F8DB4A2417782CD600129A88 /* UIBarButtonItem+Extension.m */; };
		F8DB4A2B17782CD600129A88 /* UIButton+Extension.h in Headers */ = {isa = PBXBuildFile; fileRef = F8DB4A2517782CD600129A88 /* UIButton+Extension.h */; settings = {ATTRIBUTES = (Public, ); }; };
		F8DB4A2C17782CD600129A88 /* UIButton+Extension.m in Sources */ = {isa = PBXBuildFile; fileRef = F8DB4A2617782CD600129A88 /* UIButton+Extension.m */; };
		F8DB4A2D17782CD600129A88 /* UINavigationController+Extension.h in Headers */ = {isa = PBXBuildFile; fileRef = F8DB4A2717782CD600129A88 /* UINavigationController+Extension.h */; settings = {ATTRIBUTES = (Public, ); }; };
		F8DB4A2E17782CD600129A88 /* UINavigationController+Extension.m in Sources */ = {isa = PBXBuildFile; fileRef = F8DB4A2817782CD600129A88 /* UINavigationController+Extension.m */; };
		F8DB4A3C17782D0500129A88 /* FMDatabase+InMemoryOnDiskIO.h in Headers */ = {isa = PBXBuildFile; fileRef = F8DB4A3017782D0500129A88 /* FMDatabase+InMemoryOnDiskIO.h */; settings = {ATTRIBUTES = (Public, ); }; };
		F8DB4A3D17782D0500129A88 /* FMDatabase+InMemoryOnDiskIO.m in Sources */ = {isa = PBXBuildFile; fileRef = F8DB4A3117782D0500129A88 /* FMDatabase+InMemoryOnDiskIO.m */; };
		F8DB4A3E17782D0500129A88 /* FMDatabase.h in Headers */ = {isa = PBXBuildFile; fileRef = F8DB4A3217782D0500129A88 /* FMDatabase.h */; settings = {ATTRIBUTES = (Public, ); }; };
		F8DB4A3F17782D0500129A88 /* FMDatabase.m in Sources */ = {isa = PBXBuildFile; fileRef = F8DB4A3317782D0500129A88 /* FMDatabase.m */; };
		F8DB4A4017782D0500129A88 /* FMDatabaseAdditions.h in Headers */ = {isa = PBXBuildFile; fileRef = F8DB4A3417782D0500129A88 /* FMDatabaseAdditions.h */; settings = {ATTRIBUTES = (Public, ); }; };
		F8DB4A4117782D0500129A88 /* FMDatabaseAdditions.m in Sources */ = {isa = PBXBuildFile; fileRef = F8DB4A3517782D0500129A88 /* FMDatabaseAdditions.m */; };
		F8DB4A4217782D0500129A88 /* FMDatabasePool.h in Headers */ = {isa = PBXBuildFile; fileRef = F8DB4A3617782D0500129A88 /* FMDatabasePool.h */; settings = {ATTRIBUTES = (Public, ); }; };
		F8DB4A4317782D0500129A88 /* FMDatabasePool.m in Sources */ = {isa = PBXBuildFile; fileRef = F8DB4A3717782D0500129A88 /* FMDatabasePool.m */; };
		F8DB4A4417782D0500129A88 /* FMDatabaseQueue.h in Headers */ = {isa = PBXBuildFile; fileRef = F8DB4A3817782D0500129A88 /* FMDatabaseQueue.h */; settings = {ATTRIBUTES = (Public, ); }; };
		F8DB4A4517782D0500129A88 /* FMDatabaseQueue.m in Sources */ = {isa = PBXBuildFile; fileRef = F8DB4A3917782D0500129A88 /* FMDatabaseQueue.m */; };
		F8DB4A4617782D0500129A88 /* FMResultSet.h in Headers */ = {isa = PBXBuildFile; fileRef = F8DB4A3A17782D0500129A88 /* FMResultSet.h */; settings = {ATTRIBUTES = (Public, ); }; };
		F8DB4A4717782D0500129A88 /* FMResultSet.m in Sources */ = {isa = PBXBuildFile; fileRef = F8DB4A3B17782D0500129A88 /* FMResultSet.m */; };
		F8DB4A4D17782D4600129A88 /* CGRectMaker+Extension.h in Headers */ = {isa = PBXBuildFile; fileRef = F8DB4A4917782D4600129A88 /* CGRectMaker+Extension.h */; settings = {ATTRIBUTES = (Public, ); }; };
		F8DB4A4E17782D4600129A88 /* CGRectMaker+Extension.m in Sources */ = {isa = PBXBuildFile; fileRef = F8DB4A4A17782D4600129A88 /* CGRectMaker+Extension.m */; };
		F8DB4A4F17782D4600129A88 /* ReversePolandNotation.h in Headers */ = {isa = PBXBuildFile; fileRef = F8DB4A4B17782D4600129A88 /* ReversePolandNotation.h */; settings = {ATTRIBUTES = (Public, ); }; };
		F8DB4A5017782D4600129A88 /* ReversePolandNotation.m in Sources */ = {isa = PBXBuildFile; fileRef = F8DB4A4C17782D4600129A88 /* ReversePolandNotation.m */; };
		F8DB4A5217782D5600129A88 /* C&CPP+Extension.h in Headers */ = {isa = PBXBuildFile; fileRef = F8DB4A5117782D5600129A88 /* C&CPP+Extension.h */; settings = {ATTRIBUTES = (Public, ); }; };
		F8E3BEDD158F10C200467088 /* MBProgressHUD.h in Headers */ = {isa = PBXBuildFile; fileRef = F8E3BEDB158F10C200467088 /* MBProgressHUD.h */; settings = {ATTRIBUTES = (Public, ); }; };
		F8E3BEDE158F10C200467088 /* MBProgressHUD.m in Sources */ = {isa = PBXBuildFile; fileRef = F8E3BEDC158F10C200467088 /* MBProgressHUD.m */; settings = {COMPILER_FLAGS = "-fno-objc-arc"; }; };
		F8E3BEE3158F192E00467088 /* JSONKit.h in Headers */ = {isa = PBXBuildFile; fileRef = F8E3BEE1158F192E00467088 /* JSONKit.h */; settings = {ATTRIBUTES = (Public, ); }; };
		F8E3BEE4158F192E00467088 /* JSONKit.m in Sources */ = {isa = PBXBuildFile; fileRef = F8E3BEE2158F192E00467088 /* JSONKit.m */; settings = {COMPILER_FLAGS = "-fno-objc-arc"; }; };
		F8E3BEF5158F2AA600467088 /* ECLoadMoreUITableView.h in Headers */ = {isa = PBXBuildFile; fileRef = F8E3BEF1158F2AA600467088 /* ECLoadMoreUITableView.h */; settings = {ATTRIBUTES = (Public, ); }; };
		F8E3BEF6158F2AA600467088 /* ECLoadMoreUITableView.m in Sources */ = {isa = PBXBuildFile; fileRef = F8E3BEF2158F2AA600467088 /* ECLoadMoreUITableView.m */; };
		F8E3BEF7158F2AA600467088 /* TableFooterView.h in Headers */ = {isa = PBXBuildFile; fileRef = F8E3BEF3158F2AA600467088 /* TableFooterView.h */; settings = {ATTRIBUTES = (Public, ); }; };
		F8E3BEF8158F2AA600467088 /* TableFooterView.m in Sources */ = {isa = PBXBuildFile; fileRef = F8E3BEF4158F2AA600467088 /* TableFooterView.m */; };
		F8E3BEFC158F2AC000467088 /* EGORefreshTableHeaderView.h in Headers */ = {isa = PBXBuildFile; fileRef = F8E3BEFA158F2AC000467088 /* EGORefreshTableHeaderView.h */; settings = {ATTRIBUTES = (Public, ); }; };
		F8E3BEFD158F2AC000467088 /* EGORefreshTableHeaderView.m in Sources */ = {isa = PBXBuildFile; fileRef = F8E3BEFB158F2AC000467088 /* EGORefreshTableHeaderView.m */; settings = {COMPILER_FLAGS = "-fno-objc-arc"; }; };
		F8E3BF01158F2B0600467088 /* JTListView.h in Headers */ = {isa = PBXBuildFile; fileRef = F8E3BEFF158F2B0600467088 /* JTListView.h */; settings = {ATTRIBUTES = (Public, ); }; };
		F8E3BF02158F2B0600467088 /* JTListView.m in Sources */ = {isa = PBXBuildFile; fileRef = F8E3BF00158F2B0600467088 /* JTListView.m */; settings = {COMPILER_FLAGS = "-fno-objc-arc"; }; };
		F8E3BF05158F2C0C00467088 /* ECUIControlTableViewCell.h in Headers */ = {isa = PBXBuildFile; fileRef = F8E3BF03158F2C0C00467088 /* ECUIControlTableViewCell.h */; settings = {ATTRIBUTES = (Public, ); }; };
		F8E3BF06158F2C0C00467088 /* ECUIControlTableViewCell.m in Sources */ = {isa = PBXBuildFile; fileRef = F8E3BF04158F2C0C00467088 /* ECUIControlTableViewCell.m */; };
		F8E58F90159862F400CC2F1C /* UIImage+Extension.h in Headers */ = {isa = PBXBuildFile; fileRef = F8E58F8E159862F400CC2F1C /* UIImage+Extension.h */; settings = {ATTRIBUTES = (Public, ); }; };
		F8E58F91159862F400CC2F1C /* UIImage+Extension.m in Sources */ = {isa = PBXBuildFile; fileRef = F8E58F8F159862F400CC2F1C /* UIImage+Extension.m */; };
		F8EDF12F15A6F230003DF47F /* UIViewGestureRecognizerDelegate.h in Headers */ = {isa = PBXBuildFile; fileRef = F8EDF12E15A6F230003DF47F /* UIViewGestureRecognizerDelegate.h */; settings = {ATTRIBUTES = (Public, ); }; };
/* End PBXBuildFile section */

/* Begin PBXFileReference section */
		DC0F2E121592F26200F9D4FA /* RegexKitLite.h */ = {isa = PBXFileReference; fileEncoding = 4; lastKnownFileType = sourcecode.c.h; path = RegexKitLite.h; sourceTree = "<group>"; };
		DC0F2E131592F26200F9D4FA /* RegexKitLite.m */ = {isa = PBXFileReference; fileEncoding = 4; lastKnownFileType = sourcecode.c.objc; path = RegexKitLite.m; sourceTree = "<group>"; };
		DC3C1583158B921800B31A79 /* en */ = {isa = PBXFileReference; lastKnownFileType = text.plist.strings; name = en; path = internationalization/en.lproj/InfoPlist.strings; sourceTree = "<group>"; };
		DC3C1585158B922700B31A79 /* zh-Hans */ = {isa = PBXFileReference; lastKnownFileType = text.plist.strings; name = "zh-Hans"; path = "internationalization/zh-Hans.lproj/InfoPlist.strings"; sourceTree = "<group>"; };
		DC3C1587158B922E00B31A79 /* zh-Hant */ = {isa = PBXFileReference; lastKnownFileType = text.plist.strings; name = "zh-Hant"; path = "internationalization/zh-Hant.lproj/InfoPlist.strings"; sourceTree = "<group>"; };
		DC3C1592158B936600B31A79 /* ContactBean.h */ = {isa = PBXFileReference; fileEncoding = 4; lastKnownFileType = sourcecode.c.h; path = ContactBean.h; sourceTree = "<group>"; };
		DC3C1593158B936600B31A79 /* ContactBean.m */ = {isa = PBXFileReference; fileEncoding = 4; lastKnownFileType = sourcecode.c.objc; path = ContactBean.m; sourceTree = "<group>"; };
		DC3C1594158B936600B31A79 /* ContactBean_Extension.h */ = {isa = PBXFileReference; fileEncoding = 4; lastKnownFileType = sourcecode.c.h; path = ContactBean_Extension.h; sourceTree = "<group>"; };
		DC3C1595158B936600B31A79 /* UserBean.h */ = {isa = PBXFileReference; fileEncoding = 4; lastKnownFileType = sourcecode.c.h; path = UserBean.h; sourceTree = "<group>"; };
		DC3C1596158B936600B31A79 /* UserBean.m */ = {isa = PBXFileReference; fileEncoding = 4; lastKnownFileType = sourcecode.c.objc; path = UserBean.m; sourceTree = "<group>"; };
		DC3C1597158B936600B31A79 /* UserBean_Extension.h */ = {isa = PBXFileReference; fileEncoding = 4; lastKnownFileType = sourcecode.c.h; path = UserBean_Extension.h; sourceTree = "<group>"; };
		DC3C1598158B936600B31A79 /* UserManager.h */ = {isa = PBXFileReference; fileEncoding = 4; lastKnownFileType = sourcecode.c.h; path = UserManager.h; sourceTree = "<group>"; };
		DC3C1599158B936600B31A79 /* UserManager.m */ = {isa = PBXFileReference; fileEncoding = 4; lastKnownFileType = sourcecode.c.objc; path = UserManager.m; sourceTree = "<group>"; };
		DC3C159C158B936600B31A79 /* ASIAuthenticationDialog.h */ = {isa = PBXFileReference; fileEncoding = 4; lastKnownFileType = sourcecode.c.h; path = ASIAuthenticationDialog.h; sourceTree = "<group>"; };
		DC3C159D158B936600B31A79 /* ASIAuthenticationDialog.m */ = {isa = PBXFileReference; fileEncoding = 4; lastKnownFileType = sourcecode.c.objc; path = ASIAuthenticationDialog.m; sourceTree = "<group>"; };
		DC3C159E158B936600B31A79 /* ASICacheDelegate.h */ = {isa = PBXFileReference; fileEncoding = 4; lastKnownFileType = sourcecode.c.h; path = ASICacheDelegate.h; sourceTree = "<group>"; };
		DC3C159F158B936600B31A79 /* ASIDataCompressor.h */ = {isa = PBXFileReference; fileEncoding = 4; lastKnownFileType = sourcecode.c.h; path = ASIDataCompressor.h; sourceTree = "<group>"; };
		DC3C15A0158B936600B31A79 /* ASIDataCompressor.m */ = {isa = PBXFileReference; fileEncoding = 4; lastKnownFileType = sourcecode.c.objc; path = ASIDataCompressor.m; sourceTree = "<group>"; };
		DC3C15A1158B936600B31A79 /* ASIDataDecompressor.h */ = {isa = PBXFileReference; fileEncoding = 4; lastKnownFileType = sourcecode.c.h; path = ASIDataDecompressor.h; sourceTree = "<group>"; };
		DC3C15A2158B936600B31A79 /* ASIDataDecompressor.m */ = {isa = PBXFileReference; fileEncoding = 4; lastKnownFileType = sourcecode.c.objc; path = ASIDataDecompressor.m; sourceTree = "<group>"; };
		DC3C15A3158B936600B31A79 /* ASIDownloadCache.h */ = {isa = PBXFileReference; fileEncoding = 4; lastKnownFileType = sourcecode.c.h; path = ASIDownloadCache.h; sourceTree = "<group>"; };
		DC3C15A4158B936600B31A79 /* ASIDownloadCache.m */ = {isa = PBXFileReference; fileEncoding = 4; lastKnownFileType = sourcecode.c.objc; path = ASIDownloadCache.m; sourceTree = "<group>"; };
		DC3C15A5158B936600B31A79 /* ASIFormDataRequest.h */ = {isa = PBXFileReference; fileEncoding = 4; lastKnownFileType = sourcecode.c.h; path = ASIFormDataRequest.h; sourceTree = "<group>"; };
		DC3C15A6158B936600B31A79 /* ASIFormDataRequest.m */ = {isa = PBXFileReference; fileEncoding = 4; lastKnownFileType = sourcecode.c.objc; path = ASIFormDataRequest.m; sourceTree = "<group>"; };
		DC3C15A7158B936600B31A79 /* ASIHTTPRequest.h */ = {isa = PBXFileReference; fileEncoding = 4; lastKnownFileType = sourcecode.c.h; path = ASIHTTPRequest.h; sourceTree = "<group>"; };
		DC3C15A8158B936600B31A79 /* ASIHTTPRequest.m */ = {isa = PBXFileReference; fileEncoding = 4; lastKnownFileType = sourcecode.c.objc; path = ASIHTTPRequest.m; sourceTree = "<group>"; };
		DC3C15A9158B936600B31A79 /* ASIHTTPRequestConfig.h */ = {isa = PBXFileReference; fileEncoding = 4; lastKnownFileType = sourcecode.c.h; path = ASIHTTPRequestConfig.h; sourceTree = "<group>"; };
		DC3C15AA158B936600B31A79 /* ASIHTTPRequestDelegate.h */ = {isa = PBXFileReference; fileEncoding = 4; lastKnownFileType = sourcecode.c.h; path = ASIHTTPRequestDelegate.h; sourceTree = "<group>"; };
		DC3C15AB158B936600B31A79 /* ASIInputStream.h */ = {isa = PBXFileReference; fileEncoding = 4; lastKnownFileType = sourcecode.c.h; path = ASIInputStream.h; sourceTree = "<group>"; };
		DC3C15AC158B936600B31A79 /* ASIInputStream.m */ = {isa = PBXFileReference; fileEncoding = 4; lastKnownFileType = sourcecode.c.objc; path = ASIInputStream.m; sourceTree = "<group>"; };
		DC3C15AD158B936600B31A79 /* ASINetworkQueue.h */ = {isa = PBXFileReference; fileEncoding = 4; lastKnownFileType = sourcecode.c.h; path = ASINetworkQueue.h; sourceTree = "<group>"; };
		DC3C15AE158B936600B31A79 /* ASINetworkQueue.m */ = {isa = PBXFileReference; fileEncoding = 4; lastKnownFileType = sourcecode.c.objc; path = ASINetworkQueue.m; sourceTree = "<group>"; };
		DC3C15AF158B936600B31A79 /* ASIProgressDelegate.h */ = {isa = PBXFileReference; fileEncoding = 4; lastKnownFileType = sourcecode.c.h; path = ASIProgressDelegate.h; sourceTree = "<group>"; };
		DC3C15B1158B936600B31A79 /* Reachability.h */ = {isa = PBXFileReference; fileEncoding = 4; lastKnownFileType = sourcecode.c.h; path = Reachability.h; sourceTree = "<group>"; };
		DC3C15B2158B936600B31A79 /* Reachability.m */ = {isa = PBXFileReference; fileEncoding = 4; lastKnownFileType = sourcecode.c.objc; path = Reachability.m; sourceTree = "<group>"; };
		DC3C15B4158B936600B31A79 /* NSArray+Extension.h */ = {isa = PBXFileReference; fileEncoding = 4; lastKnownFileType = sourcecode.c.h; path = "NSArray+Extension.h"; sourceTree = "<group>"; };
		DC3C15B5158B936600B31A79 /* NSArray+Extension.m */ = {isa = PBXFileReference; fileEncoding = 4; lastKnownFileType = sourcecode.c.objc; path = "NSArray+Extension.m"; sourceTree = "<group>"; };
		DC3C15B6158B936600B31A79 /* NSIndexPath+Extension.h */ = {isa = PBXFileReference; fileEncoding = 4; lastKnownFileType = sourcecode.c.h; path = "NSIndexPath+Extension.h"; sourceTree = "<group>"; };
		DC3C15B7158B936600B31A79 /* NSIndexPath+Extension.m */ = {isa = PBXFileReference; fileEncoding = 4; lastKnownFileType = sourcecode.c.objc; path = "NSIndexPath+Extension.m"; sourceTree = "<group>"; };
		DC3C15B8158B936600B31A79 /* NSString+Extension.h */ = {isa = PBXFileReference; fileEncoding = 4; lastKnownFileType = sourcecode.c.h; path = "NSString+Extension.h"; sourceTree = "<group>"; };
		DC3C15B9158B936600B31A79 /* NSString+Extension.m */ = {isa = PBXFileReference; fileEncoding = 4; lastKnownFileType = sourcecode.c.objc; path = "NSString+Extension.m"; sourceTree = "<group>"; };
		DC3C15BF158B936600B31A79 /* AppRootViewController.h */ = {isa = PBXFileReference; fileEncoding = 4; lastKnownFileType = sourcecode.c.h; path = AppRootViewController.h; sourceTree = "<group>"; };
		DC3C15C0158B936600B31A79 /* AppRootViewController.m */ = {isa = PBXFileReference; fileEncoding = 4; lastKnownFileType = sourcecode.c.objc; path = AppRootViewController.m; sourceTree = "<group>"; };
		DC3C15C1158B936600B31A79 /* UIView+UI+ViewController.h */ = {isa = PBXFileReference; fileEncoding = 4; lastKnownFileType = sourcecode.c.h; path = "UIView+UI+ViewController.h"; sourceTree = "<group>"; };
		DC3C15C2158B936600B31A79 /* UIView+UI+ViewController.m */ = {isa = PBXFileReference; fileEncoding = 4; lastKnownFileType = sourcecode.c.objc; path = "UIView+UI+ViewController.m"; sourceTree = "<group>"; };
		DC3C15C3158B936600B31A79 /* UIViewController+CompatibleView.h */ = {isa = PBXFileReference; fileEncoding = 4; lastKnownFileType = sourcecode.c.h; path = "UIViewController+CompatibleView.h"; sourceTree = "<group>"; };
		DC3C15C4158B936600B31A79 /* UIViewController+CompatibleView.m */ = {isa = PBXFileReference; fileEncoding = 4; lastKnownFileType = sourcecode.c.objc; path = "UIViewController+CompatibleView.m"; sourceTree = "<group>"; };
		DC3C15C5158B936600B31A79 /* UIViewExtensionBean.h */ = {isa = PBXFileReference; fileEncoding = 4; lastKnownFileType = sourcecode.c.h; path = UIViewExtensionBean.h; sourceTree = "<group>"; };
		DC3C15C6158B936600B31A79 /* UIViewExtensionBean.m */ = {isa = PBXFileReference; fileEncoding = 4; lastKnownFileType = sourcecode.c.objc; path = UIViewExtensionBean.m; sourceTree = "<group>"; };
		DC3C15C7158B936600B31A79 /* UIViewExtensionBean_Extension.h */ = {isa = PBXFileReference; fileEncoding = 4; lastKnownFileType = sourcecode.c.h; path = UIViewExtensionBean_Extension.h; sourceTree = "<group>"; };
		DC3C15C8158B936600B31A79 /* UIViewExtensionManager.h */ = {isa = PBXFileReference; fileEncoding = 4; lastKnownFileType = sourcecode.c.h; path = UIViewExtensionManager.h; sourceTree = "<group>"; };
		DC3C15C9158B936600B31A79 /* UIViewExtensionManager.m */ = {isa = PBXFileReference; fileEncoding = 4; lastKnownFileType = sourcecode.c.objc; path = UIViewExtensionManager.m; sourceTree = "<group>"; };
		DC3C15CC158B936600B31A79 /* UIActionSheet+Extension.h */ = {isa = PBXFileReference; fileEncoding = 4; lastKnownFileType = sourcecode.c.h; path = "UIActionSheet+Extension.h"; sourceTree = "<group>"; };
		DC3C15CD158B936600B31A79 /* UIActionSheet+Extension.m */ = {isa = PBXFileReference; fileEncoding = 4; lastKnownFileType = sourcecode.c.objc; path = "UIActionSheet+Extension.m"; sourceTree = "<group>"; };
		DC3C15CE158B936600B31A79 /* UITableView+Extension.h */ = {isa = PBXFileReference; fileEncoding = 4; lastKnownFileType = sourcecode.c.h; path = "UITableView+Extension.h"; sourceTree = "<group>"; };
		DC3C15CF158B936600B31A79 /* UITableView+Extension.m */ = {isa = PBXFileReference; fileEncoding = 4; lastKnownFileType = sourcecode.c.objc; path = "UITableView+Extension.m"; sourceTree = "<group>"; };
		DC3C15D1158B936600B31A79 /* AddressBookManager.h */ = {isa = PBXFileReference; fileEncoding = 4; lastKnownFileType = sourcecode.c.h; path = AddressBookManager.h; sourceTree = "<group>"; };
		DC3C15D2158B936600B31A79 /* AddressBookManager.m */ = {isa = PBXFileReference; fileEncoding = 4; lastKnownFileType = sourcecode.c.objc; path = AddressBookManager.m; sourceTree = "<group>"; };
		DC3C15D3158B936600B31A79 /* CommonUtils.h */ = {isa = PBXFileReference; fileEncoding = 4; lastKnownFileType = sourcecode.c.h; path = CommonUtils.h; sourceTree = "<group>"; };
		DC3C15D4158B936600B31A79 /* CommonUtils.m */ = {isa = PBXFileReference; fileEncoding = 4; lastKnownFileType = sourcecode.c.objc; path = CommonUtils.m; sourceTree = "<group>"; };
		DC3C1616158B941000B31A79 /* UIColor+Extension.h */ = {isa = PBXFileReference; fileEncoding = 4; lastKnownFileType = sourcecode.c.h; path = "UIColor+Extension.h"; sourceTree = "<group>"; };
		DC3C1617158B941000B31A79 /* UIColor+Extension.m */ = {isa = PBXFileReference; fileEncoding = 4; lastKnownFileType = sourcecode.c.objc; path = "UIColor+Extension.m"; sourceTree = "<group>"; };
		DC3C161B158B95F500B31A79 /* iToast.h */ = {isa = PBXFileReference; fileEncoding = 4; lastKnownFileType = sourcecode.c.h; path = iToast.h; sourceTree = "<group>"; };
		DC3C161C158B95F500B31A79 /* iToast.m */ = {isa = PBXFileReference; fileEncoding = 4; lastKnownFileType = sourcecode.c.objc; path = iToast.m; sourceTree = "<group>"; };
		DC3C161F158B972D00B31A79 /* HttpRequestBean.h */ = {isa = PBXFileReference; fileEncoding = 4; lastKnownFileType = sourcecode.c.h; path = HttpRequestBean.h; sourceTree = "<group>"; };
		DC3C1620158B972D00B31A79 /* HttpRequestBean.m */ = {isa = PBXFileReference; fileEncoding = 4; lastKnownFileType = sourcecode.c.objc; path = HttpRequestBean.m; sourceTree = "<group>"; };
		DC3C1623158B975200B31A79 /* HttpRequestManager.h */ = {isa = PBXFileReference; fileEncoding = 4; lastKnownFileType = sourcecode.c.h; path = HttpRequestManager.h; sourceTree = "<group>"; };
		DC3C1624158B975200B31A79 /* HttpRequestManager.m */ = {isa = PBXFileReference; fileEncoding = 4; lastKnownFileType = sourcecode.c.objc; path = HttpRequestManager.m; sourceTree = "<group>"; };
		DCBBB21E158A2485007C2301 /* CommonToolkit.framework */ = {isa = PBXFileReference; explicitFileType = wrapper.cfbundle; includeInIndex = 0; path = CommonToolkit.framework; sourceTree = BUILT_PRODUCTS_DIR; };
		DCBBB223158A2485007C2301 /* CommonToolkit-Info.plist */ = {isa = PBXFileReference; fileEncoding = 4; lastKnownFileType = text.plist.xml; path = "CommonToolkit-Info.plist"; sourceTree = "<group>"; };
		DCBBB227158A2485007C2301 /* CommonToolkit-Prefix.pch */ = {isa = PBXFileReference; lastKnownFileType = sourcecode.c.h; path = "CommonToolkit-Prefix.pch"; sourceTree = "<group>"; };
		DCBBB287158A26B1007C2301 /* CommonToolkit.h */ = {isa = PBXFileReference; lastKnownFileType = sourcecode.c.h; path = CommonToolkit.h; sourceTree = "<group>"; };
		DCBC767F1597FF6000EBEC1D /* UISoftKeyboard.h */ = {isa = PBXFileReference; fileEncoding = 4; lastKnownFileType = sourcecode.c.h; path = UISoftKeyboard.h; sourceTree = "<group>"; };
		DCBC76801597FF6000EBEC1D /* UISoftKeyboard.m */ = {isa = PBXFileReference; fileEncoding = 4; lastKnownFileType = sourcecode.c.objc; path = UISoftKeyboard.m; sourceTree = "<group>"; };
		DCBC768415980ACB00EBEC1D /* FoundationExtensionBean.h */ = {isa = PBXFileReference; fileEncoding = 4; lastKnownFileType = sourcecode.c.h; path = FoundationExtensionBean.h; sourceTree = "<group>"; };
		DCBC768515980ACB00EBEC1D /* FoundationExtensionBean.m */ = {isa = PBXFileReference; fileEncoding = 4; lastKnownFileType = sourcecode.c.objc; path = FoundationExtensionBean.m; sourceTree = "<group>"; };
		DCBC768815980BBF00EBEC1D /* FoundationExtensionManager.h */ = {isa = PBXFileReference; fileEncoding = 4; lastKnownFileType = sourcecode.c.h; path = FoundationExtensionManager.h; sourceTree = "<group>"; };
		DCBC768915980BBF00EBEC1D /* FoundationExtensionManager.m */ = {isa = PBXFileReference; fileEncoding = 4; lastKnownFileType = sourcecode.c.objc; path = FoundationExtensionManager.m; sourceTree = "<group>"; };
		DCBC7690159836EF00EBEC1D /* UISoftKeyboardCell.h */ = {isa = PBXFileReference; fileEncoding = 4; lastKnownFileType = sourcecode.c.h; path = UISoftKeyboardCell.h; sourceTree = "<group>"; };
		DCBC7691159836EF00EBEC1D /* UISoftKeyboardCell.m */ = {isa = PBXFileReference; fileEncoding = 4; lastKnownFileType = sourcecode.c.objc; path = UISoftKeyboardCell.m; sourceTree = "<group>"; };
		DCD6AE9D158ED86C00CBBBDB /* NSBundle+Extension.h */ = {isa = PBXFileReference; fileEncoding = 4; lastKnownFileType = sourcecode.c.h; path = "NSBundle+Extension.h"; sourceTree = "<group>"; };
		DCD6AE9E158ED86C00CBBBDB /* NSBundle+Extension.m */ = {isa = PBXFileReference; fileEncoding = 4; lastKnownFileType = sourcecode.c.objc; path = "NSBundle+Extension.m"; sourceTree = "<group>"; };
		DCD6AF0E158EFB6A00CBBBDB /* NSDate+Extension.h */ = {isa = PBXFileReference; fileEncoding = 4; lastKnownFileType = sourcecode.c.h; path = "NSDate+Extension.h"; sourceTree = "<group>"; };
		DCD6AF0F158EFB6A00CBBBDB /* NSDate+Extension.m */ = {isa = PBXFileReference; fileEncoding = 4; lastKnownFileType = sourcecode.c.objc; path = "NSDate+Extension.m"; sourceTree = "<group>"; };
		F800184D15B66BFB00745A8F /* NSAttributedString+Extension.h */ = {isa = PBXFileReference; fileEncoding = 4; lastKnownFileType = sourcecode.c.h; path = "NSAttributedString+Extension.h"; sourceTree = "<group>"; };
		F800184E15B66BFB00745A8F /* NSAttributedString+Extension.m */ = {isa = PBXFileReference; fileEncoding = 4; lastKnownFileType = sourcecode.c.objc; path = "NSAttributedString+Extension.m"; sourceTree = "<group>"; };
		F800185215B66C1F00745A8F /* UIAttributedLabel.h */ = {isa = PBXFileReference; fileEncoding = 4; lastKnownFileType = sourcecode.c.h; path = UIAttributedLabel.h; sourceTree = "<group>"; };
		F800185315B66C1F00745A8F /* UIAttributedLabel.m */ = {isa = PBXFileReference; fileEncoding = 4; lastKnownFileType = sourcecode.c.objc; path = UIAttributedLabel.m; sourceTree = "<group>"; };
		F87686BA15DE333A00DDDA23 /* RIButtonItem.h */ = {isa = PBXFileReference; fileEncoding = 4; lastKnownFileType = sourcecode.c.h; path = RIButtonItem.h; sourceTree = "<group>"; };
		F87686BB15DE333A00DDDA23 /* RIButtonItem.m */ = {isa = PBXFileReference; fileEncoding = 4; lastKnownFileType = sourcecode.c.objc; path = RIButtonItem.m; sourceTree = "<group>"; };
		F87686BC15DE333A00DDDA23 /* UIAlertView+Blocks.h */ = {isa = PBXFileReference; fileEncoding = 4; lastKnownFileType = sourcecode.c.h; path = "UIAlertView+Blocks.h"; sourceTree = "<group>"; };
		F87686BD15DE333A00DDDA23 /* UIAlertView+Blocks.m */ = {isa = PBXFileReference; fileEncoding = 4; lastKnownFileType = sourcecode.c.objc; path = "UIAlertView+Blocks.m"; sourceTree = "<group>"; };
		F885A58C159AAE5200709FC7 /* AVCamUtilities.h */ = {isa = PBXFileReference; fileEncoding = 4; lastKnownFileType = sourcecode.c.h; path = AVCamUtilities.h; sourceTree = "<group>"; };
		F885A58D159AAE5200709FC7 /* AVCamUtilities.m */ = {isa = PBXFileReference; fileEncoding = 4; lastKnownFileType = sourcecode.c.objc; path = AVCamUtilities.m; sourceTree = "<group>"; };
		F8B5F46915AAD086005A8C09 /* NSNumber+Extension.h */ = {isa = PBXFileReference; fileEncoding = 4; lastKnownFileType = sourcecode.c.h; path = "NSNumber+Extension.h"; sourceTree = "<group>"; };
		F8B5F46A15AAD086005A8C09 /* NSNumber+Extension.m */ = {isa = PBXFileReference; fileEncoding = 4; lastKnownFileType = sourcecode.c.objc; path = "NSNumber+Extension.m"; sourceTree = "<group>"; };
		F8D791B41599630300986BCD /* AsyncSocket.h */ = {isa = PBXFileReference; fileEncoding = 4; lastKnownFileType = sourcecode.c.h; path = AsyncSocket.h; sourceTree = "<group>"; };
		F8D791B51599630300986BCD /* AsyncSocket.m */ = {isa = PBXFileReference; fileEncoding = 4; lastKnownFileType = sourcecode.c.objc; path = AsyncSocket.m; sourceTree = "<group>"; };
		F8D791B81599630300986BCD /* SocketIO.h */ = {isa = PBXFileReference; fileEncoding = 4; lastKnownFileType = sourcecode.c.h; path = SocketIO.h; sourceTree = "<group>"; };
		F8D791B91599630300986BCD /* SocketIO.m */ = {isa = PBXFileReference; fileEncoding = 4; lastKnownFileType = sourcecode.c.objc; path = SocketIO.m; sourceTree = "<group>"; };
		F8D791BA1599630300986BCD /* WebSocket.h */ = {isa = PBXFileReference; fileEncoding = 4; lastKnownFileType = sourcecode.c.h; path = WebSocket.h; sourceTree = "<group>"; };
		F8D791BB1599630300986BCD /* WebSocket.m */ = {isa = PBXFileReference; fileEncoding = 4; lastKnownFileType = sourcecode.c.objc; path = WebSocket.m; sourceTree = "<group>"; };
		F8D81C8D15DCE2E700E1F17C /* UIDevice+Extension.h */ = {isa = PBXFileReference; fileEncoding = 4; lastKnownFileType = sourcecode.c.h; path = "UIDevice+Extension.h"; sourceTree = "<group>"; };
		F8D81C8E15DCE2E700E1F17C /* UIDevice+Extension.m */ = {isa = PBXFileReference; fileEncoding = 4; lastKnownFileType = sourcecode.c.objc; path = "UIDevice+Extension.m"; sourceTree = "<group>"; };
		F8DB49F717782CA500129A88 /* AddressBookUIUtils.h */ = {isa = PBXFileReference; fileEncoding = 4; lastKnownFileType = sourcecode.c.h; path = AddressBookUIUtils.h; sourceTree = "<group>"; };
		F8DB49F817782CA500129A88 /* AddressBookUIUtils.m */ = {isa = PBXFileReference; fileEncoding = 4; lastKnownFileType = sourcecode.c.objc; path = AddressBookUIUtils.m; sourceTree = "<group>"; };
		F8DB49F917782CA500129A88 /* AudioServicesUtils.h */ = {isa = PBXFileReference; fileEncoding = 4; lastKnownFileType = sourcecode.c.h; path = AudioServicesUtils.h; sourceTree = "<group>"; };
		F8DB49FA17782CA500129A88 /* AudioServicesUtils.m */ = {isa = PBXFileReference; fileEncoding = 4; lastKnownFileType = sourcecode.c.objc; path = AudioServicesUtils.m; sourceTree = "<group>"; };
		F8DB49FB17782CA500129A88 /* DataStorageUtils.h */ = {isa = PBXFileReference; fileEncoding = 4; lastKnownFileType = sourcecode.c.h; path = DataStorageUtils.h; sourceTree = "<group>"; };
		F8DB49FC17782CA500129A88 /* DataStorageUtils.m */ = {isa = PBXFileReference; fileEncoding = 4; lastKnownFileType = sourcecode.c.objc; path = DataStorageUtils.m; sourceTree = "<group>"; };
		F8DB49FD17782CA500129A88 /* DeviceUtils.h */ = {isa = PBXFileReference; fileEncoding = 4; lastKnownFileType = sourcecode.c.h; path = DeviceUtils.h; sourceTree = "<group>"; };
		F8DB49FE17782CA500129A88 /* DeviceUtils.m */ = {isa = PBXFileReference; fileEncoding = 4; lastKnownFileType = sourcecode.c.objc; path = DeviceUtils.m; sourceTree = "<group>"; };
		F8DB49FF17782CA500129A88 /* DisplayScreenUtils.h */ = {isa = PBXFileReference; fileEncoding = 4; lastKnownFileType = sourcecode.c.h; path = DisplayScreenUtils.h; sourceTree = "<group>"; };
		F8DB4A0017782CA500129A88 /* DisplayScreenUtils.m */ = {isa = PBXFileReference; fileEncoding = 4; lastKnownFileType = sourcecode.c.objc; path = DisplayScreenUtils.m; sourceTree = "<group>"; };
		F8DB4A0117782CA500129A88 /* HttpUtils.h */ = {isa = PBXFileReference; fileEncoding = 4; lastKnownFileType = sourcecode.c.h; path = HttpUtils.h; sourceTree = "<group>"; };
		F8DB4A0217782CA600129A88 /* HttpUtils.m */ = {isa = PBXFileReference; fileEncoding = 4; lastKnownFileType = sourcecode.c.objc; path = HttpUtils.m; sourceTree = "<group>"; };
		F8DB4A0317782CA600129A88 /* HttpUtils+Signature.h */ = {isa = PBXFileReference; fileEncoding = 4; lastKnownFileType = sourcecode.c.h; path = "HttpUtils+Signature.h"; sourceTree = "<group>"; };
		F8DB4A0417782CA600129A88 /* HttpUtils+Signature.m */ = {isa = PBXFileReference; fileEncoding = 4; lastKnownFileType = sourcecode.c.objc; path = "HttpUtils+Signature.m"; sourceTree = "<group>"; };
		F8DB4A0517782CA600129A88 /* PinyinUtils.h */ = {isa = PBXFileReference; fileEncoding = 4; lastKnownFileType = sourcecode.c.h; path = PinyinUtils.h; sourceTree = "<group>"; };
		F8DB4A0617782CA600129A88 /* PinyinUtils.m */ = {isa = PBXFileReference; fileEncoding = 4; lastKnownFileType = sourcecode.c.objc; path = PinyinUtils.m; sourceTree = "<group>"; };
		F8DB4A1717782CBF00129A88 /* NSMutableString+Extension.h */ = {isa = PBXFileReference; fileEncoding = 4; lastKnownFileType = sourcecode.c.h; path = "NSMutableString+Extension.h"; sourceTree = "<group>"; };
		F8DB4A1817782CBF00129A88 /* NSMutableString+Extension.m */ = {isa = PBXFileReference; fileEncoding = 4; lastKnownFileType = sourcecode.c.objc; path = "NSMutableString+Extension.m"; sourceTree = "<group>"; };
		F8DB4A1917782CBF00129A88 /* NSStack.h */ = {isa = PBXFileReference; fileEncoding = 4; lastKnownFileType = sourcecode.c.h; path = NSStack.h; sourceTree = "<group>"; };
		F8DB4A1A17782CBF00129A88 /* NSStack.m */ = {isa = PBXFileReference; fileEncoding = 4; lastKnownFileType = sourcecode.c.objc; path = NSStack.m; sourceTree = "<group>"; };
		F8DB4A1B17782CBF00129A88 /* NSValue+Extension.h */ = {isa = PBXFileReference; fileEncoding = 4; lastKnownFileType = sourcecode.c.h; path = "NSValue+Extension.h"; sourceTree = "<group>"; };
		F8DB4A1C17782CBF00129A88 /* NSValue+Extension.m */ = {isa = PBXFileReference; fileEncoding = 4; lastKnownFileType = sourcecode.c.objc; path = "NSValue+Extension.m"; sourceTree = "<group>"; };
		F8DB4A2317782CD600129A88 /* UIBarButtonItem+Extension.h */ = {isa = PBXFileReference; fileEncoding = 4; lastKnownFileType = sourcecode.c.h; path = "UIBarButtonItem+Extension.h"; sourceTree = "<group>"; };
		F8DB4A2417782CD600129A88 /* UIBarButtonItem+Extension.m */ = {isa = PBXFileReference; fileEncoding = 4; lastKnownFileType = sourcecode.c.objc; path = "UIBarButtonItem+Extension.m"; sourceTree = "<group>"; };
		F8DB4A2517782CD600129A88 /* UIButton+Extension.h */ = {isa = PBXFileReference; fileEncoding = 4; lastKnownFileType = sourcecode.c.h; path = "UIButton+Extension.h"; sourceTree = "<group>"; };
		F8DB4A2617782CD600129A88 /* UIButton+Extension.m */ = {isa = PBXFileReference; fileEncoding = 4; lastKnownFileType = sourcecode.c.objc; path = "UIButton+Extension.m"; sourceTree = "<group>"; };
		F8DB4A2717782CD600129A88 /* UINavigationController+Extension.h */ = {isa = PBXFileReference; fileEncoding = 4; lastKnownFileType = sourcecode.c.h; path = "UINavigationController+Extension.h"; sourceTree = "<group>"; };
		F8DB4A2817782CD600129A88 /* UINavigationController+Extension.m */ = {isa = PBXFileReference; fileEncoding = 4; lastKnownFileType = sourcecode.c.objc; path = "UINavigationController+Extension.m"; sourceTree = "<group>"; };
		F8DB4A3017782D0500129A88 /* FMDatabase+InMemoryOnDiskIO.h */ = {isa = PBXFileReference; fileEncoding = 4; lastKnownFileType = sourcecode.c.h; path = "FMDatabase+InMemoryOnDiskIO.h"; sourceTree = "<group>"; };
		F8DB4A3117782D0500129A88 /* FMDatabase+InMemoryOnDiskIO.m */ = {isa = PBXFileReference; fileEncoding = 4; lastKnownFileType = sourcecode.c.objc; path = "FMDatabase+InMemoryOnDiskIO.m"; sourceTree = "<group>"; };
		F8DB4A3217782D0500129A88 /* FMDatabase.h */ = {isa = PBXFileReference; fileEncoding = 4; lastKnownFileType = sourcecode.c.h; path = FMDatabase.h; sourceTree = "<group>"; };
		F8DB4A3317782D0500129A88 /* FMDatabase.m */ = {isa = PBXFileReference; fileEncoding = 4; lastKnownFileType = sourcecode.c.objc; path = FMDatabase.m; sourceTree = "<group>"; };
		F8DB4A3417782D0500129A88 /* FMDatabaseAdditions.h */ = {isa = PBXFileReference; fileEncoding = 4; lastKnownFileType = sourcecode.c.h; path = FMDatabaseAdditions.h; sourceTree = "<group>"; };
		F8DB4A3517782D0500129A88 /* FMDatabaseAdditions.m */ = {isa = PBXFileReference; fileEncoding = 4; lastKnownFileType = sourcecode.c.objc; path = FMDatabaseAdditions.m; sourceTree = "<group>"; };
		F8DB4A3617782D0500129A88 /* FMDatabasePool.h */ = {isa = PBXFileReference; fileEncoding = 4; lastKnownFileType = sourcecode.c.h; path = FMDatabasePool.h; sourceTree = "<group>"; };
		F8DB4A3717782D0500129A88 /* FMDatabasePool.m */ = {isa = PBXFileReference; fileEncoding = 4; lastKnownFileType = sourcecode.c.objc; path = FMDatabasePool.m; sourceTree = "<group>"; };
		F8DB4A3817782D0500129A88 /* FMDatabaseQueue.h */ = {isa = PBXFileReference; fileEncoding = 4; lastKnownFileType = sourcecode.c.h; path = FMDatabaseQueue.h; sourceTree = "<group>"; };
		F8DB4A3917782D0500129A88 /* FMDatabaseQueue.m */ = {isa = PBXFileReference; fileEncoding = 4; lastKnownFileType = sourcecode.c.objc; path = FMDatabaseQueue.m; sourceTree = "<group>"; };
		F8DB4A3A17782D0500129A88 /* FMResultSet.h */ = {isa = PBXFileReference; fileEncoding = 4; lastKnownFileType = sourcecode.c.h; path = FMResultSet.h; sourceTree = "<group>"; };
		F8DB4A3B17782D0500129A88 /* FMResultSet.m */ = {isa = PBXFileReference; fileEncoding = 4; lastKnownFileType = sourcecode.c.objc; path = FMResultSet.m; sourceTree = "<group>"; };
		F8DB4A4917782D4600129A88 /* CGRectMaker+Extension.h */ = {isa = PBXFileReference; fileEncoding = 4; lastKnownFileType = sourcecode.c.h; name = "CGRectMaker+Extension.h"; path = "C&C++Entension/CGRectMaker+Extension.h"; sourceTree = "<group>"; };
		F8DB4A4A17782D4600129A88 /* CGRectMaker+Extension.m */ = {isa = PBXFileReference; fileEncoding = 4; lastKnownFileType = sourcecode.c.objc; name = "CGRectMaker+Extension.m"; path = "C&C++Entension/CGRectMaker+Extension.m"; sourceTree = "<group>"; };
		F8DB4A4B17782D4600129A88 /* ReversePolandNotation.h */ = {isa = PBXFileReference; fileEncoding = 4; lastKnownFileType = sourcecode.c.h; name = ReversePolandNotation.h; path = "C&C++Entension/ReversePolandNotation.h"; sourceTree = "<group>"; };
		F8DB4A4C17782D4600129A88 /* ReversePolandNotation.m */ = {isa = PBXFileReference; fileEncoding = 4; lastKnownFileType = sourcecode.c.objc; name = ReversePolandNotation.m; path = "C&C++Entension/ReversePolandNotation.m"; sourceTree = "<group>"; };
		F8DB4A5117782D5600129A88 /* C&CPP+Extension.h */ = {isa = PBXFileReference; fileEncoding = 4; lastKnownFileType = sourcecode.c.h; name = "C&CPP+Extension.h"; path = "C&C++Entension/C&CPP+Extension.h"; sourceTree = "<group>"; };
		F8E3BEDB158F10C200467088 /* MBProgressHUD.h */ = {isa = PBXFileReference; fileEncoding = 4; lastKnownFileType = sourcecode.c.h; path = MBProgressHUD.h; sourceTree = "<group>"; };
		F8E3BEDC158F10C200467088 /* MBProgressHUD.m */ = {isa = PBXFileReference; fileEncoding = 4; lastKnownFileType = sourcecode.c.objc; path = MBProgressHUD.m; sourceTree = "<group>"; };
		F8E3BEE1158F192E00467088 /* JSONKit.h */ = {isa = PBXFileReference; fileEncoding = 4; lastKnownFileType = sourcecode.c.h; path = JSONKit.h; sourceTree = "<group>"; };
		F8E3BEE2158F192E00467088 /* JSONKit.m */ = {isa = PBXFileReference; fileEncoding = 4; lastKnownFileType = sourcecode.c.objc; path = JSONKit.m; sourceTree = "<group>"; };
		F8E3BEF1158F2AA600467088 /* ECLoadMoreUITableView.h */ = {isa = PBXFileReference; fileEncoding = 4; lastKnownFileType = sourcecode.c.h; path = ECLoadMoreUITableView.h; sourceTree = "<group>"; };
		F8E3BEF2158F2AA600467088 /* ECLoadMoreUITableView.m */ = {isa = PBXFileReference; fileEncoding = 4; lastKnownFileType = sourcecode.c.objc; path = ECLoadMoreUITableView.m; sourceTree = "<group>"; };
		F8E3BEF3158F2AA600467088 /* TableFooterView.h */ = {isa = PBXFileReference; fileEncoding = 4; lastKnownFileType = sourcecode.c.h; path = TableFooterView.h; sourceTree = "<group>"; };
		F8E3BEF4158F2AA600467088 /* TableFooterView.m */ = {isa = PBXFileReference; fileEncoding = 4; lastKnownFileType = sourcecode.c.objc; path = TableFooterView.m; sourceTree = "<group>"; };
		F8E3BEFA158F2AC000467088 /* EGORefreshTableHeaderView.h */ = {isa = PBXFileReference; fileEncoding = 4; lastKnownFileType = sourcecode.c.h; path = EGORefreshTableHeaderView.h; sourceTree = "<group>"; };
		F8E3BEFB158F2AC000467088 /* EGORefreshTableHeaderView.m */ = {isa = PBXFileReference; fileEncoding = 4; lastKnownFileType = sourcecode.c.objc; path = EGORefreshTableHeaderView.m; sourceTree = "<group>"; };
		F8E3BEFF158F2B0600467088 /* JTListView.h */ = {isa = PBXFileReference; fileEncoding = 4; lastKnownFileType = sourcecode.c.h; path = JTListView.h; sourceTree = "<group>"; };
		F8E3BF00158F2B0600467088 /* JTListView.m */ = {isa = PBXFileReference; fileEncoding = 4; lastKnownFileType = sourcecode.c.objc; path = JTListView.m; sourceTree = "<group>"; };
		F8E3BF03158F2C0C00467088 /* ECUIControlTableViewCell.h */ = {isa = PBXFileReference; fileEncoding = 4; lastKnownFileType = sourcecode.c.h; path = ECUIControlTableViewCell.h; sourceTree = "<group>"; };
		F8E3BF04158F2C0C00467088 /* ECUIControlTableViewCell.m */ = {isa = PBXFileReference; fileEncoding = 4; lastKnownFileType = sourcecode.c.objc; path = ECUIControlTableViewCell.m; sourceTree = "<group>"; };
		F8E58F8E159862F400CC2F1C /* UIImage+Extension.h */ = {isa = PBXFileReference; fileEncoding = 4; lastKnownFileType = sourcecode.c.h; path = "UIImage+Extension.h"; sourceTree = "<group>"; };
		F8E58F8F159862F400CC2F1C /* UIImage+Extension.m */ = {isa = PBXFileReference; fileEncoding = 4; lastKnownFileType = sourcecode.c.objc; path = "UIImage+Extension.m"; sourceTree = "<group>"; };
		F8EDF12E15A6F230003DF47F /* UIViewGestureRecognizerDelegate.h */ = {isa = PBXFileReference; fileEncoding = 4; lastKnownFileType = sourcecode.c.h; path = UIViewGestureRecognizerDelegate.h; sourceTree = "<group>"; };
/* End PBXFileReference section */

/* Begin PBXFrameworksBuildPhase section */
		DCBBB21B158A2485007C2301 /* Frameworks */ = {
			isa = PBXFrameworksBuildPhase;
			buildActionMask = 2147483647;
			files = (
			);
			runOnlyForDeploymentPostprocessing = 0;
		};
/* End PBXFrameworksBuildPhase section */

/* Begin PBXGroup section */
		DC0F2E111592F26200F9D4FA /* RegexKitLite */ = {
			isa = PBXGroup;
			children = (
				DC0F2E121592F26200F9D4FA /* RegexKitLite.h */,
				DC0F2E131592F26200F9D4FA /* RegexKitLite.m */,
			);
			path = RegexKitLite;
			sourceTree = "<group>";
		};
		DC3C1591158B936600B31A79 /* DataStruct */ = {
			isa = PBXGroup;
			children = (
				DC3C1592158B936600B31A79 /* ContactBean.h */,
				DC3C1593158B936600B31A79 /* ContactBean.m */,
				DC3C1594158B936600B31A79 /* ContactBean_Extension.h */,
				DC3C161F158B972D00B31A79 /* HttpRequestBean.h */,
				DC3C1620158B972D00B31A79 /* HttpRequestBean.m */,
				DC3C1623158B975200B31A79 /* HttpRequestManager.h */,
				DC3C1624158B975200B31A79 /* HttpRequestManager.m */,
				DC3C1595158B936600B31A79 /* UserBean.h */,
				DC3C1596158B936600B31A79 /* UserBean.m */,
				DC3C1597158B936600B31A79 /* UserBean_Extension.h */,
				DC3C1598158B936600B31A79 /* UserManager.h */,
				DC3C1599158B936600B31A79 /* UserManager.m */,
			);
			path = DataStruct;
			sourceTree = "<group>";
		};
		DC3C159A158B936600B31A79 /* DependentLibs */ = {
			isa = PBXGroup;
			children = (
				F8DB4A2F17782D0500129A88 /* FMDB */,
				F8D791B31599630300986BCD /* WebSocket */,
				F8E3BEFE158F2B0600467088 /* JTListView */,
				F8E3BEF9158F2AC000467088 /* EGOTableViewPullRefresh */,
				F8E3BEE0158F192E00467088 /* JSONKit */,
				F8E3BEDA158F10C200467088 /* MBProgressHUD */,
				DC3C159B158B936600B31A79 /* ASIHTTPRequest */,
				DC3C161A158B95F500B31A79 /* iToast */,
				DC3C15B0158B936600B31A79 /* Reachability */,
				DC0F2E111592F26200F9D4FA /* RegexKitLite */,
			);
			path = DependentLibs;
			sourceTree = "<group>";
		};
		DC3C159B158B936600B31A79 /* ASIHTTPRequest */ = {
			isa = PBXGroup;
			children = (
				DC3C159C158B936600B31A79 /* ASIAuthenticationDialog.h */,
				DC3C159D158B936600B31A79 /* ASIAuthenticationDialog.m */,
				DC3C159E158B936600B31A79 /* ASICacheDelegate.h */,
				DC3C159F158B936600B31A79 /* ASIDataCompressor.h */,
				DC3C15A0158B936600B31A79 /* ASIDataCompressor.m */,
				DC3C15A1158B936600B31A79 /* ASIDataDecompressor.h */,
				DC3C15A2158B936600B31A79 /* ASIDataDecompressor.m */,
				DC3C15A3158B936600B31A79 /* ASIDownloadCache.h */,
				DC3C15A4158B936600B31A79 /* ASIDownloadCache.m */,
				DC3C15A5158B936600B31A79 /* ASIFormDataRequest.h */,
				DC3C15A6158B936600B31A79 /* ASIFormDataRequest.m */,
				DC3C15A7158B936600B31A79 /* ASIHTTPRequest.h */,
				DC3C15A8158B936600B31A79 /* ASIHTTPRequest.m */,
				DC3C15A9158B936600B31A79 /* ASIHTTPRequestConfig.h */,
				DC3C15AA158B936600B31A79 /* ASIHTTPRequestDelegate.h */,
				DC3C15AB158B936600B31A79 /* ASIInputStream.h */,
				DC3C15AC158B936600B31A79 /* ASIInputStream.m */,
				DC3C15AD158B936600B31A79 /* ASINetworkQueue.h */,
				DC3C15AE158B936600B31A79 /* ASINetworkQueue.m */,
				DC3C15AF158B936600B31A79 /* ASIProgressDelegate.h */,
			);
			path = ASIHTTPRequest;
			sourceTree = "<group>";
		};
		DC3C15B0158B936600B31A79 /* Reachability */ = {
			isa = PBXGroup;
			children = (
				DC3C15B1158B936600B31A79 /* Reachability.h */,
				DC3C15B2158B936600B31A79 /* Reachability.m */,
			);
			path = Reachability;
			sourceTree = "<group>";
		};
		DC3C15B3158B936600B31A79 /* FoundationExtension */ = {
			isa = PBXGroup;
			children = (
				F8DB4A1717782CBF00129A88 /* NSMutableString+Extension.h */,
				F8DB4A1817782CBF00129A88 /* NSMutableString+Extension.m */,
				F8DB4A1917782CBF00129A88 /* NSStack.h */,
				F8DB4A1A17782CBF00129A88 /* NSStack.m */,
				F8DB4A1B17782CBF00129A88 /* NSValue+Extension.h */,
				F8DB4A1C17782CBF00129A88 /* NSValue+Extension.m */,
				F800184D15B66BFB00745A8F /* NSAttributedString+Extension.h */,
				F800184E15B66BFB00745A8F /* NSAttributedString+Extension.m */,
				F8B5F46915AAD086005A8C09 /* NSNumber+Extension.h */,
				F8B5F46A15AAD086005A8C09 /* NSNumber+Extension.m */,
				DCBC768415980ACB00EBEC1D /* FoundationExtensionBean.h */,
				DCBC768515980ACB00EBEC1D /* FoundationExtensionBean.m */,
				DCBC768815980BBF00EBEC1D /* FoundationExtensionManager.h */,
				DCBC768915980BBF00EBEC1D /* FoundationExtensionManager.m */,
				DC3C15B4158B936600B31A79 /* NSArray+Extension.h */,
				DC3C15B5158B936600B31A79 /* NSArray+Extension.m */,
				DCD6AE9D158ED86C00CBBBDB /* NSBundle+Extension.h */,
				DCD6AE9E158ED86C00CBBBDB /* NSBundle+Extension.m */,
				DCD6AF0E158EFB6A00CBBBDB /* NSDate+Extension.h */,
				DCD6AF0F158EFB6A00CBBBDB /* NSDate+Extension.m */,
				DC3C15B6158B936600B31A79 /* NSIndexPath+Extension.h */,
				DC3C15B7158B936600B31A79 /* NSIndexPath+Extension.m */,
				DC3C15B8158B936600B31A79 /* NSString+Extension.h */,
				DC3C15B9158B936600B31A79 /* NSString+Extension.m */,
			);
			path = FoundationExtension;
			sourceTree = "<group>";
		};
		DC3C15BD158B936600B31A79 /* UIExtension */ = {
			isa = PBXGroup;
			children = (
				DC3C15BE158B936600B31A79 /* Architecture */,
				DC3C15CA158B936600B31A79 /* CustomUI */,
				DC3C15CB158B936600B31A79 /* UIKitExtension */,
			);
			path = UIExtension;
			sourceTree = "<group>";
		};
		DC3C15BE158B936600B31A79 /* Architecture */ = {
			isa = PBXGroup;
			children = (
				F8EDF12E15A6F230003DF47F /* UIViewGestureRecognizerDelegate.h */,
				DC3C15BF158B936600B31A79 /* AppRootViewController.h */,
				DC3C15C0158B936600B31A79 /* AppRootViewController.m */,
				DC3C15C1158B936600B31A79 /* UIView+UI+ViewController.h */,
				DC3C15C2158B936600B31A79 /* UIView+UI+ViewController.m */,
				DC3C15C3158B936600B31A79 /* UIViewController+CompatibleView.h */,
				DC3C15C4158B936600B31A79 /* UIViewController+CompatibleView.m */,
				DC3C15C5158B936600B31A79 /* UIViewExtensionBean.h */,
				DC3C15C6158B936600B31A79 /* UIViewExtensionBean.m */,
				DC3C15C7158B936600B31A79 /* UIViewExtensionBean_Extension.h */,
				DC3C15C8158B936600B31A79 /* UIViewExtensionManager.h */,
				DC3C15C9158B936600B31A79 /* UIViewExtensionManager.m */,
			);
			path = Architecture;
			sourceTree = "<group>";
		};
		DC3C15CA158B936600B31A79 /* CustomUI */ = {
			isa = PBXGroup;
			children = (
				F800185215B66C1F00745A8F /* UIAttributedLabel.h */,
				F800185315B66C1F00745A8F /* UIAttributedLabel.m */,
				DCBC767F1597FF6000EBEC1D /* UISoftKeyboard.h */,
				DCBC76801597FF6000EBEC1D /* UISoftKeyboard.m */,
				DCBC7690159836EF00EBEC1D /* UISoftKeyboardCell.h */,
				DCBC7691159836EF00EBEC1D /* UISoftKeyboardCell.m */,
				F8E3BF03158F2C0C00467088 /* ECUIControlTableViewCell.h */,
				F8E3BF04158F2C0C00467088 /* ECUIControlTableViewCell.m */,
				F8E3BEF1158F2AA600467088 /* ECLoadMoreUITableView.h */,
				F8E3BEF2158F2AA600467088 /* ECLoadMoreUITableView.m */,
				F8E3BEF3158F2AA600467088 /* TableFooterView.h */,
				F8E3BEF4158F2AA600467088 /* TableFooterView.m */,
			);
			path = CustomUI;
			sourceTree = "<group>";
		};
		DC3C15CB158B936600B31A79 /* UIKitExtension */ = {
			isa = PBXGroup;
			children = (
				F8DB4A2317782CD600129A88 /* UIBarButtonItem+Extension.h */,
				F8DB4A2417782CD600129A88 /* UIBarButtonItem+Extension.m */,
				F8DB4A2517782CD600129A88 /* UIButton+Extension.h */,
				F8DB4A2617782CD600129A88 /* UIButton+Extension.m */,
				F8DB4A2717782CD600129A88 /* UINavigationController+Extension.h */,
				F8DB4A2817782CD600129A88 /* UINavigationController+Extension.m */,
				F87686BA15DE333A00DDDA23 /* RIButtonItem.h */,
				F87686BB15DE333A00DDDA23 /* RIButtonItem.m */,
				F87686BC15DE333A00DDDA23 /* UIAlertView+Blocks.h */,
				F87686BD15DE333A00DDDA23 /* UIAlertView+Blocks.m */,
				F8D81C8D15DCE2E700E1F17C /* UIDevice+Extension.h */,
				F8D81C8E15DCE2E700E1F17C /* UIDevice+Extension.m */,
				DC3C15CC158B936600B31A79 /* UIActionSheet+Extension.h */,
				DC3C15CD158B936600B31A79 /* UIActionSheet+Extension.m */,
				DC3C1616158B941000B31A79 /* UIColor+Extension.h */,
				DC3C1617158B941000B31A79 /* UIColor+Extension.m */,
				DC3C15CE158B936600B31A79 /* UITableView+Extension.h */,
				DC3C15CF158B936600B31A79 /* UITableView+Extension.m */,
				F8E58F8E159862F400CC2F1C /* UIImage+Extension.h */,
				F8E58F8F159862F400CC2F1C /* UIImage+Extension.m */,
			);
			path = UIKitExtension;
			sourceTree = "<group>";
		};
		DC3C15D0158B936600B31A79 /* Utils */ = {
			isa = PBXGroup;
			children = (
				F8DB49F717782CA500129A88 /* AddressBookUIUtils.h */,
				F8DB49F817782CA500129A88 /* AddressBookUIUtils.m */,
				F8DB49F917782CA500129A88 /* AudioServicesUtils.h */,
				F8DB49FA17782CA500129A88 /* AudioServicesUtils.m */,
				F8DB49FB17782CA500129A88 /* DataStorageUtils.h */,
				F8DB49FC17782CA500129A88 /* DataStorageUtils.m */,
				F8DB49FD17782CA500129A88 /* DeviceUtils.h */,
				F8DB49FE17782CA500129A88 /* DeviceUtils.m */,
				F8DB49FF17782CA500129A88 /* DisplayScreenUtils.h */,
				F8DB4A0017782CA500129A88 /* DisplayScreenUtils.m */,
				F8DB4A0117782CA500129A88 /* HttpUtils.h */,
				F8DB4A0217782CA600129A88 /* HttpUtils.m */,
				F8DB4A0317782CA600129A88 /* HttpUtils+Signature.h */,
				F8DB4A0417782CA600129A88 /* HttpUtils+Signature.m */,
				F8DB4A0517782CA600129A88 /* PinyinUtils.h */,
				F8DB4A0617782CA600129A88 /* PinyinUtils.m */,
				F885A58C159AAE5200709FC7 /* AVCamUtilities.h */,
				F885A58D159AAE5200709FC7 /* AVCamUtilities.m */,
				DC3C15D1158B936600B31A79 /* AddressBookManager.h */,
				DC3C15D2158B936600B31A79 /* AddressBookManager.m */,
				DC3C15D3158B936600B31A79 /* CommonUtils.h */,
				DC3C15D4158B936600B31A79 /* CommonUtils.m */,
			);
			path = Utils;
			sourceTree = "<group>";
		};
		DC3C161A158B95F500B31A79 /* iToast */ = {
			isa = PBXGroup;
			children = (
				DC3C161B158B95F500B31A79 /* iToast.h */,
				DC3C161C158B95F500B31A79 /* iToast.m */,
			);
			path = iToast;
			sourceTree = "<group>";
		};
		DCBBB1FB158A23FA007C2301 = {
			isa = PBXGroup;
			children = (
				DCBBB221158A2485007C2301 /* CommonToolkit */,
				DCBBB208158A23FA007C2301 /* Frameworks */,
				DCBBB207158A23FA007C2301 /* Products */,
			);
			sourceTree = "<group>";
		};
		DCBBB207158A23FA007C2301 /* Products */ = {
			isa = PBXGroup;
			children = (
				DCBBB21E158A2485007C2301 /* CommonToolkit.framework */,
			);
			name = Products;
			sourceTree = "<group>";
		};
		DCBBB208158A23FA007C2301 /* Frameworks */ = {
			isa = PBXGroup;
			children = (
			);
			name = Frameworks;
			sourceTree = "<group>";
		};
		DCBBB221158A2485007C2301 /* CommonToolkit */ = {
			isa = PBXGroup;
			children = (
				F8DB4A4817782D3000129A88 /* CExtension */,
				DCBBB287158A26B1007C2301 /* CommonToolkit.h */,
				DC3C1591158B936600B31A79 /* DataStruct */,
				DC3C15B3158B936600B31A79 /* FoundationExtension */,
				DC3C15BD158B936600B31A79 /* UIExtension */,
				DC3C15D0158B936600B31A79 /* Utils */,
				DC3C159A158B936600B31A79 /* DependentLibs */,
				DCBBB222158A2485007C2301 /* Supporting Files */,
			);
			path = CommonToolkit;
			sourceTree = "<group>";
		};
		DCBBB222158A2485007C2301 /* Supporting Files */ = {
			isa = PBXGroup;
			children = (
				DCBBB223158A2485007C2301 /* CommonToolkit-Info.plist */,
				DC3C1582158B921800B31A79 /* InfoPlist.strings */,
				DCBBB227158A2485007C2301 /* CommonToolkit-Prefix.pch */,
			);
			name = "Supporting Files";
			sourceTree = "<group>";
		};
		F8D791B31599630300986BCD /* WebSocket */ = {
			isa = PBXGroup;
			children = (
				F8D791B41599630300986BCD /* AsyncSocket.h */,
				F8D791B51599630300986BCD /* AsyncSocket.m */,
				F8D791B81599630300986BCD /* SocketIO.h */,
				F8D791B91599630300986BCD /* SocketIO.m */,
				F8D791BA1599630300986BCD /* WebSocket.h */,
				F8D791BB1599630300986BCD /* WebSocket.m */,
			);
			path = WebSocket;
			sourceTree = "<group>";
		};
		F8DB4A2F17782D0500129A88 /* FMDB */ = {
			isa = PBXGroup;
			children = (
				F8DB4A3017782D0500129A88 /* FMDatabase+InMemoryOnDiskIO.h */,
				F8DB4A3117782D0500129A88 /* FMDatabase+InMemoryOnDiskIO.m */,
				F8DB4A3217782D0500129A88 /* FMDatabase.h */,
				F8DB4A3317782D0500129A88 /* FMDatabase.m */,
				F8DB4A3417782D0500129A88 /* FMDatabaseAdditions.h */,
				F8DB4A3517782D0500129A88 /* FMDatabaseAdditions.m */,
				F8DB4A3617782D0500129A88 /* FMDatabasePool.h */,
				F8DB4A3717782D0500129A88 /* FMDatabasePool.m */,
				F8DB4A3817782D0500129A88 /* FMDatabaseQueue.h */,
				F8DB4A3917782D0500129A88 /* FMDatabaseQueue.m */,
				F8DB4A3A17782D0500129A88 /* FMResultSet.h */,
				F8DB4A3B17782D0500129A88 /* FMResultSet.m */,
			);
			path = FMDB;
			sourceTree = "<group>";
		};
		F8DB4A4817782D3000129A88 /* CExtension */ = {
			isa = PBXGroup;
			children = (
				F8DB4A5117782D5600129A88 /* C&CPP+Extension.h */,
				F8DB4A4917782D4600129A88 /* CGRectMaker+Extension.h */,
				F8DB4A4A17782D4600129A88 /* CGRectMaker+Extension.m */,
				F8DB4A4B17782D4600129A88 /* ReversePolandNotation.h */,
				F8DB4A4C17782D4600129A88 /* ReversePolandNotation.m */,
			);
			name = CExtension;
			sourceTree = "<group>";
		};
		F8E3BEDA158F10C200467088 /* MBProgressHUD */ = {
			isa = PBXGroup;
			children = (
				F8E3BEDB158F10C200467088 /* MBProgressHUD.h */,
				F8E3BEDC158F10C200467088 /* MBProgressHUD.m */,
			);
			path = MBProgressHUD;
			sourceTree = "<group>";
		};
		F8E3BEE0158F192E00467088 /* JSONKit */ = {
			isa = PBXGroup;
			children = (
				F8E3BEE1158F192E00467088 /* JSONKit.h */,
				F8E3BEE2158F192E00467088 /* JSONKit.m */,
			);
			path = JSONKit;
			sourceTree = "<group>";
		};
		F8E3BEF9158F2AC000467088 /* EGOTableViewPullRefresh */ = {
			isa = PBXGroup;
			children = (
				F8E3BEFA158F2AC000467088 /* EGORefreshTableHeaderView.h */,
				F8E3BEFB158F2AC000467088 /* EGORefreshTableHeaderView.m */,
			);
			path = EGOTableViewPullRefresh;
			sourceTree = "<group>";
		};
		F8E3BEFE158F2B0600467088 /* JTListView */ = {
			isa = PBXGroup;
			children = (
				F8E3BEFF158F2B0600467088 /* JTListView.h */,
				F8E3BF00158F2B0600467088 /* JTListView.m */,
			);
			path = JTListView;
			sourceTree = "<group>";
		};
/* End PBXGroup section */

/* Begin PBXHeadersBuildPhase section */
		DCBBB286158A263E007C2301 /* Headers */ = {
			isa = PBXHeadersBuildPhase;
			buildActionMask = 2147483647;
			files = (
				F8DB4A0717782CA600129A88 /* AddressBookUIUtils.h in Headers */,
				F8DB4A0917782CA600129A88 /* AudioServicesUtils.h in Headers */,
				F8DB4A0B17782CA600129A88 /* DataStorageUtils.h in Headers */,
				F8DB4A0D17782CA600129A88 /* DeviceUtils.h in Headers */,
				F8DB4A0F17782CA600129A88 /* DisplayScreenUtils.h in Headers */,
				F8DB4A1117782CA600129A88 /* HttpUtils.h in Headers */,
				F8DB4A1317782CA600129A88 /* HttpUtils+Signature.h in Headers */,
				F8DB4A1517782CA600129A88 /* PinyinUtils.h in Headers */,
				F8DB4A1D17782CBF00129A88 /* NSMutableString+Extension.h in Headers */,
				F8DB4A1F17782CBF00129A88 /* NSStack.h in Headers */,
				F8DB4A2117782CBF00129A88 /* NSValue+Extension.h in Headers */,
				F8DB4A2917782CD600129A88 /* UIBarButtonItem+Extension.h in Headers */,
				F8DB4A2B17782CD600129A88 /* UIButton+Extension.h in Headers */,
				F8DB4A2D17782CD600129A88 /* UINavigationController+Extension.h in Headers */,
				F8DB4A3C17782D0500129A88 /* FMDatabase+InMemoryOnDiskIO.h in Headers */,
				F8DB4A3E17782D0500129A88 /* FMDatabase.h in Headers */,
				F8DB4A4017782D0500129A88 /* FMDatabaseAdditions.h in Headers */,
				F8DB4A4217782D0500129A88 /* FMDatabasePool.h in Headers */,
				F8DB4A4417782D0500129A88 /* FMDatabaseQueue.h in Headers */,
				F8DB4A4617782D0500129A88 /* FMResultSet.h in Headers */,
				F8DB4A4D17782D4600129A88 /* CGRectMaker+Extension.h in Headers */,
				F8DB4A4F17782D4600129A88 /* ReversePolandNotation.h in Headers */,
				F8DB4A5217782D5600129A88 /* C&CPP+Extension.h in Headers */,
				F87686BE15DE333A00DDDA23 /* RIButtonItem.h in Headers */,
				F87686C015DE333A00DDDA23 /* UIAlertView+Blocks.h in Headers */,
				F8D81C8F15DCE2E700E1F17C /* UIDevice+Extension.h in Headers */,
				F800185415B66C1F00745A8F /* UIAttributedLabel.h in Headers */,
				F800184F15B66BFB00745A8F /* NSAttributedString+Extension.h in Headers */,
				F8B5F46B15AAD086005A8C09 /* NSNumber+Extension.h in Headers */,
				F8EDF12F15A6F230003DF47F /* UIViewGestureRecognizerDelegate.h in Headers */,
				F885A58E159AAE5200709FC7 /* AVCamUtilities.h in Headers */,
				F8D791BC1599630300986BCD /* AsyncSocket.h in Headers */,
				F8D791C01599630300986BCD /* SocketIO.h in Headers */,
				F8D791C21599630300986BCD /* WebSocket.h in Headers */,
				F8E58F90159862F400CC2F1C /* UIImage+Extension.h in Headers */,
				F8E3BF05158F2C0C00467088 /* ECUIControlTableViewCell.h in Headers */,
				DCBBB288158A277C007C2301 /* CommonToolkit.h in Headers */,
				DC3C15D9158B936600B31A79 /* ContactBean.h in Headers */,
				DC3C15DB158B936600B31A79 /* ContactBean_Extension.h in Headers */,
				DC3C15DC158B936600B31A79 /* UserBean.h in Headers */,
				DC3C15DE158B936600B31A79 /* UserBean_Extension.h in Headers */,
				DC3C15DF158B936600B31A79 /* UserManager.h in Headers */,
				DC3C15E1158B936600B31A79 /* ASIAuthenticationDialog.h in Headers */,
				DC3C15E3158B936600B31A79 /* ASICacheDelegate.h in Headers */,
				DC3C15E4158B936600B31A79 /* ASIDataCompressor.h in Headers */,
				DC3C15E6158B936600B31A79 /* ASIDataDecompressor.h in Headers */,
				DC3C15E8158B936600B31A79 /* ASIDownloadCache.h in Headers */,
				DC3C15EA158B936600B31A79 /* ASIFormDataRequest.h in Headers */,
				DC3C15EC158B936600B31A79 /* ASIHTTPRequest.h in Headers */,
				DC3C15EE158B936600B31A79 /* ASIHTTPRequestConfig.h in Headers */,
				DC3C15EF158B936600B31A79 /* ASIHTTPRequestDelegate.h in Headers */,
				DC3C15F0158B936600B31A79 /* ASIInputStream.h in Headers */,
				DC3C15F2158B936600B31A79 /* ASINetworkQueue.h in Headers */,
				DC3C15F4158B936600B31A79 /* ASIProgressDelegate.h in Headers */,
				DC3C15F5158B936600B31A79 /* Reachability.h in Headers */,
				DC3C15F7158B936600B31A79 /* NSArray+Extension.h in Headers */,
				DC3C15F9158B936600B31A79 /* NSIndexPath+Extension.h in Headers */,
				DC3C15FB158B936600B31A79 /* NSString+Extension.h in Headers */,
				DC3C15FF158B936600B31A79 /* AppRootViewController.h in Headers */,
				DC3C1601158B936600B31A79 /* UIView+UI+ViewController.h in Headers */,
				DC3C1603158B936600B31A79 /* UIViewController+CompatibleView.h in Headers */,
				DC3C160A158B936600B31A79 /* UIActionSheet+Extension.h in Headers */,
				DC3C160C158B936600B31A79 /* UITableView+Extension.h in Headers */,
				DC3C160E158B936600B31A79 /* AddressBookManager.h in Headers */,
				DC3C1610158B936600B31A79 /* CommonUtils.h in Headers */,
				F8E3BEDD158F10C200467088 /* MBProgressHUD.h in Headers */,
				DC3C1618158B941000B31A79 /* UIColor+Extension.h in Headers */,
				F8E3BEE3158F192E00467088 /* JSONKit.h in Headers */,
				DC3C161D158B95F500B31A79 /* iToast.h in Headers */,
				F8E3BEF5158F2AA600467088 /* ECLoadMoreUITableView.h in Headers */,
				F8E3BEF7158F2AA600467088 /* TableFooterView.h in Headers */,
				F8E3BEFC158F2AC000467088 /* EGORefreshTableHeaderView.h in Headers */,
				F8E3BF01158F2B0600467088 /* JTListView.h in Headers */,
				DCD6AE9F158ED86C00CBBBDB /* NSBundle+Extension.h in Headers */,
				DCD6AF10158EFB6A00CBBBDB /* NSDate+Extension.h in Headers */,
				DC0F2E141592F26200F9D4FA /* RegexKitLite.h in Headers */,
				DCBC76811597FF6000EBEC1D /* UISoftKeyboard.h in Headers */,
				DCBC7692159836EF00EBEC1D /* UISoftKeyboardCell.h in Headers */,
			);
			runOnlyForDeploymentPostprocessing = 0;
		};
/* End PBXHeadersBuildPhase section */

/* Begin PBXNativeTarget section */
		DCBBB21D158A2485007C2301 /* CommonToolkit */ = {
			isa = PBXNativeTarget;
			buildConfigurationList = DCBBB228158A2485007C2301 /* Build configuration list for PBXNativeTarget "CommonToolkit" */;
			buildPhases = (
				DCBBB21A158A2485007C2301 /* Sources */,
				DCBBB21B158A2485007C2301 /* Frameworks */,
				DCBBB21C158A2485007C2301 /* Resources */,
				DCBBB286158A263E007C2301 /* Headers */,
			);
			buildRules = (
			);
			dependencies = (
			);
			name = CommonToolkit;
			productName = CommonToolkit;
			productReference = DCBBB21E158A2485007C2301 /* CommonToolkit.framework */;
			productType = "com.apple.product-type.bundle";
		};
/* End PBXNativeTarget section */

/* Begin PBXProject section */
		DCBBB1FD158A23FA007C2301 /* Project object */ = {
			isa = PBXProject;
			attributes = {
				LastUpgradeCheck = 0430;
				ORGANIZATIONNAME = richitec;
			};
			buildConfigurationList = DCBBB200158A23FA007C2301 /* Build configuration list for PBXProject "CommonToolkit" */;
			compatibilityVersion = "Xcode 3.2";
			developmentRegion = English;
			hasScannedForEncodings = 0;
			knownRegions = (
				en,
				"zh-Hans",
				"zh-Hant",
			);
			mainGroup = DCBBB1FB158A23FA007C2301;
			productRefGroup = DCBBB207158A23FA007C2301 /* Products */;
			projectDirPath = "";
			projectRoot = "";
			targets = (
				DCBBB21D158A2485007C2301 /* CommonToolkit */,
			);
		};
/* End PBXProject section */

/* Begin PBXResourcesBuildPhase section */
		DCBBB21C158A2485007C2301 /* Resources */ = {
			isa = PBXResourcesBuildPhase;
			buildActionMask = 2147483647;
			files = (
				DC3C1584158B921800B31A79 /* InfoPlist.strings in Resources */,
			);
			runOnlyForDeploymentPostprocessing = 0;
		};
/* End PBXResourcesBuildPhase section */

/* Begin PBXSourcesBuildPhase section */
		DCBBB21A158A2485007C2301 /* Sources */ = {
			isa = PBXSourcesBuildPhase;
			buildActionMask = 2147483647;
			files = (
				DC3C15DA158B936600B31A79 /* ContactBean.m in Sources */,
				DC3C15DD158B936600B31A79 /* UserBean.m in Sources */,
				DC3C15E0158B936600B31A79 /* UserManager.m in Sources */,
				DC3C15E2158B936600B31A79 /* ASIAuthenticationDialog.m in Sources */,
				DC3C15E5158B936600B31A79 /* ASIDataCompressor.m in Sources */,
				DC3C15E7158B936600B31A79 /* ASIDataDecompressor.m in Sources */,
				DC3C15E9158B936600B31A79 /* ASIDownloadCache.m in Sources */,
				DC3C15EB158B936600B31A79 /* ASIFormDataRequest.m in Sources */,
				DC3C15ED158B936600B31A79 /* ASIHTTPRequest.m in Sources */,
				DC3C15F1158B936600B31A79 /* ASIInputStream.m in Sources */,
				DC3C15F3158B936600B31A79 /* ASINetworkQueue.m in Sources */,
				DC3C15F6158B936600B31A79 /* Reachability.m in Sources */,
				DC3C15F8158B936600B31A79 /* NSArray+Extension.m in Sources */,
				DC3C15FA158B936600B31A79 /* NSIndexPath+Extension.m in Sources */,
				DC3C15FC158B936600B31A79 /* NSString+Extension.m in Sources */,
				DC3C1600158B936600B31A79 /* AppRootViewController.m in Sources */,
				DC3C1602158B936600B31A79 /* UIView+UI+ViewController.m in Sources */,
				DC3C1604158B936600B31A79 /* UIViewController+CompatibleView.m in Sources */,
				DC3C1606158B936600B31A79 /* UIViewExtensionBean.m in Sources */,
				DC3C1609158B936600B31A79 /* UIViewExtensionManager.m in Sources */,
				DC3C160B158B936600B31A79 /* UIActionSheet+Extension.m in Sources */,
				DC3C160D158B936600B31A79 /* UITableView+Extension.m in Sources */,
				DC3C160F158B936600B31A79 /* AddressBookManager.m in Sources */,
				DC3C1611158B936600B31A79 /* CommonUtils.m in Sources */,
				DC3C1619158B941000B31A79 /* UIColor+Extension.m in Sources */,
				DC3C161E158B95F500B31A79 /* iToast.m in Sources */,
				DC3C1622158B972D00B31A79 /* HttpRequestBean.m in Sources */,
				DC3C1626158B975200B31A79 /* HttpRequestManager.m in Sources */,
				DCD6AEA0158ED86C00CBBBDB /* NSBundle+Extension.m in Sources */,
				DCD6AF11158EFB6A00CBBBDB /* NSDate+Extension.m in Sources */,
				DC0F2E151592F26200F9D4FA /* RegexKitLite.m in Sources */,
				DCBC76821597FF6000EBEC1D /* UISoftKeyboard.m in Sources */,
				DCBC768715980ACB00EBEC1D /* FoundationExtensionBean.m in Sources */,
				DCBC768B15980BBF00EBEC1D /* FoundationExtensionManager.m in Sources */,
				DCBC7693159836EF00EBEC1D /* UISoftKeyboardCell.m in Sources */,
				F8E3BEDE158F10C200467088 /* MBProgressHUD.m in Sources */,
				F8E3BEE4158F192E00467088 /* JSONKit.m in Sources */,
				F8E3BEF6158F2AA600467088 /* ECLoadMoreUITableView.m in Sources */,
				F8E3BEF8158F2AA600467088 /* TableFooterView.m in Sources */,
				F8E3BEFD158F2AC000467088 /* EGORefreshTableHeaderView.m in Sources */,
				F8E3BF02158F2B0600467088 /* JTListView.m in Sources */,
				F8E3BF06158F2C0C00467088 /* ECUIControlTableViewCell.m in Sources */,
				F8E58F91159862F400CC2F1C /* UIImage+Extension.m in Sources */,
				F8D791BD1599630300986BCD /* AsyncSocket.m in Sources */,
				F8D791C11599630300986BCD /* SocketIO.m in Sources */,
				F8D791C31599630300986BCD /* WebSocket.m in Sources */,
				F885A58F159AAE5200709FC7 /* AVCamUtilities.m in Sources */,
				F8B5F46C15AAD086005A8C09 /* NSNumber+Extension.m in Sources */,
				F800185015B66BFB00745A8F /* NSAttributedString+Extension.m in Sources */,
				F800185515B66C1F00745A8F /* UIAttributedLabel.m in Sources */,
				F8D81C9015DCE2E700E1F17C /* UIDevice+Extension.m in Sources */,
				F87686BF15DE333A00DDDA23 /* RIButtonItem.m in Sources */,
				F87686C115DE333A00DDDA23 /* UIAlertView+Blocks.m in Sources */,
				F8DB4A0817782CA600129A88 /* AddressBookUIUtils.m in Sources */,
				F8DB4A0A17782CA600129A88 /* AudioServicesUtils.m in Sources */,
				F8DB4A0C17782CA600129A88 /* DataStorageUtils.m in Sources */,
				F8DB4A0E17782CA600129A88 /* DeviceUtils.m in Sources */,
				F8DB4A1017782CA600129A88 /* DisplayScreenUtils.m in Sources */,
				F8DB4A1217782CA600129A88 /* HttpUtils.m in Sources */,
				F8DB4A1417782CA600129A88 /* HttpUtils+Signature.m in Sources */,
				F8DB4A1617782CA600129A88 /* PinyinUtils.m in Sources */,
				F8DB4A1E17782CBF00129A88 /* NSMutableString+Extension.m in Sources */,
				F8DB4A2017782CBF00129A88 /* NSStack.m in Sources */,
				F8DB4A2217782CBF00129A88 /* NSValue+Extension.m in Sources */,
				F8DB4A2A17782CD600129A88 /* UIBarButtonItem+Extension.m in Sources */,
				F8DB4A2C17782CD600129A88 /* UIButton+Extension.m in Sources */,
				F8DB4A2E17782CD600129A88 /* UINavigationController+Extension.m in Sources */,
				F8DB4A3D17782D0500129A88 /* FMDatabase+InMemoryOnDiskIO.m in Sources */,
				F8DB4A3F17782D0500129A88 /* FMDatabase.m in Sources */,
				F8DB4A4117782D0500129A88 /* FMDatabaseAdditions.m in Sources */,
				F8DB4A4317782D0500129A88 /* FMDatabasePool.m in Sources */,
				F8DB4A4517782D0500129A88 /* FMDatabaseQueue.m in Sources */,
				F8DB4A4717782D0500129A88 /* FMResultSet.m in Sources */,
				F8DB4A4E17782D4600129A88 /* CGRectMaker+Extension.m in Sources */,
				F8DB4A5017782D4600129A88 /* ReversePolandNotation.m in Sources */,
			);
			runOnlyForDeploymentPostprocessing = 0;
		};
/* End PBXSourcesBuildPhase section */

/* Begin PBXVariantGroup section */
		DC3C1582158B921800B31A79 /* InfoPlist.strings */ = {
			isa = PBXVariantGroup;
			children = (
				DC3C1583158B921800B31A79 /* en */,
				DC3C1585158B922700B31A79 /* zh-Hans */,
				DC3C1587158B922E00B31A79 /* zh-Hant */,
			);
			name = InfoPlist.strings;
			sourceTree = "<group>";
		};
/* End PBXVariantGroup section */

/* Begin XCBuildConfiguration section */
		DCBBB211158A23FA007C2301 /* Debug */ = {
			isa = XCBuildConfiguration;
			buildSettings = {
				ALWAYS_SEARCH_USER_PATHS = NO;
				ARCHS = "$(ARCHS_STANDARD_32_BIT)";
				CLANG_ENABLE_OBJC_ARC = YES;
				COPY_PHASE_STRIP = NO;
				GCC_C_LANGUAGE_STANDARD = gnu99;
				GCC_DYNAMIC_NO_PIC = NO;
				GCC_OPTIMIZATION_LEVEL = 0;
				GCC_PREPROCESSOR_DEFINITIONS = (
					"DEBUG=1",
					"$(inherited)",
				);
				GCC_SYMBOLS_PRIVATE_EXTERN = NO;
				GCC_VERSION = com.apple.compilers.llvm.clang.1_0;
				GCC_WARN_ABOUT_RETURN_TYPE = YES;
				GCC_WARN_UNINITIALIZED_AUTOS = YES;
				GCC_WARN_UNUSED_VARIABLE = YES;
				IPHONEOS_DEPLOYMENT_TARGET = 5.1;
				SDKROOT = iphoneos;
			};
			name = Debug;
		};
		DCBBB212158A23FA007C2301 /* Release */ = {
			isa = XCBuildConfiguration;
			buildSettings = {
				ALWAYS_SEARCH_USER_PATHS = NO;
				ARCHS = "$(ARCHS_STANDARD_32_BIT)";
				CLANG_ENABLE_OBJC_ARC = YES;
				COPY_PHASE_STRIP = YES;
				GCC_C_LANGUAGE_STANDARD = gnu99;
				GCC_VERSION = com.apple.compilers.llvm.clang.1_0;
				GCC_WARN_ABOUT_RETURN_TYPE = YES;
				GCC_WARN_UNINITIALIZED_AUTOS = YES;
				GCC_WARN_UNUSED_VARIABLE = YES;
				IPHONEOS_DEPLOYMENT_TARGET = 5.1;
				SDKROOT = iphoneos;
				VALIDATE_PRODUCT = YES;
			};
			name = Release;
		};
		DCBBB229158A2485007C2301 /* Debug */ = {
			isa = XCBuildConfiguration;
			buildSettings = {
				ARCHS = "$(ARCHS_STANDARD_32_BIT)";
				DEAD_CODE_STRIPPING = NO;
				GCC_ENABLE_OBJC_EXCEPTIONS = YES;
				GCC_PRECOMPILE_PREFIX_HEADER = YES;
				GCC_PREFIX_HEADER = "CommonToolkit/CommonToolkit-Prefix.pch";
				GCC_WARN_64_TO_32_BIT_CONVERSION = YES;
				INFOPLIST_FILE = "CommonToolkit/CommonToolkit-Info.plist";
				INSTALL_PATH = "$(LOCAL_LIBRARY_DIR)/Bundles";
				LINK_WITH_STANDARD_LIBRARIES = NO;
				MACH_O_TYPE = mh_object;
				MACOSX_DEPLOYMENT_TARGET = "";
				ONLY_ACTIVE_ARCH = YES;
				PRODUCT_NAME = "$(TARGET_NAME)";
				SDKROOT = iphoneos;
				WRAPPER_EXTENSION = framework;
			};
			name = Debug;
		};
		DCBBB22A158A2485007C2301 /* Release */ = {
			isa = XCBuildConfiguration;
			buildSettings = {
				ARCHS = "$(ARCHS_STANDARD_32_BIT)";
				DEAD_CODE_STRIPPING = NO;
				DEBUG_INFORMATION_FORMAT = "dwarf-with-dsym";
				GCC_ENABLE_OBJC_EXCEPTIONS = YES;
				GCC_PRECOMPILE_PREFIX_HEADER = YES;
				GCC_PREFIX_HEADER = "CommonToolkit/CommonToolkit-Prefix.pch";
				GCC_WARN_64_TO_32_BIT_CONVERSION = YES;
				INFOPLIST_FILE = "CommonToolkit/CommonToolkit-Info.plist";
				INSTALL_PATH = "$(LOCAL_LIBRARY_DIR)/Bundles";
				LINK_WITH_STANDARD_LIBRARIES = NO;
				MACH_O_TYPE = mh_object;
				MACOSX_DEPLOYMENT_TARGET = "";
				ONLY_ACTIVE_ARCH = NO;
				PRODUCT_NAME = "$(TARGET_NAME)";
				SDKROOT = iphoneos;
				WRAPPER_EXTENSION = framework;
			};
			name = Release;
		};
/* End XCBuildConfiguration section */

/* Begin XCConfigurationList section */
		DCBBB200158A23FA007C2301 /* Build configuration list for PBXProject "CommonToolkit" */ = {
			isa = XCConfigurationList;
			buildConfigurations = (
				DCBBB211158A23FA007C2301 /* Debug */,
				DCBBB212158A23FA007C2301 /* Release */,
			);
			defaultConfigurationIsVisible = 0;
			defaultConfigurationName = Release;
		};
		DCBBB228158A2485007C2301 /* Build configuration list for PBXNativeTarget "CommonToolkit" */ = {
			isa = XCConfigurationList;
			buildConfigurations = (
				DCBBB229158A2485007C2301 /* Debug */,
				DCBBB22A158A2485007C2301 /* Release */,
			);
			defaultConfigurationIsVisible = 0;
			defaultConfigurationName = Release;
		};
/* End XCConfigurationList section */
	};
	rootObject = DCBBB1FD158A23FA007C2301 /* Project object */;
}
